{
  "version": 1,
  "dependencies": {
    "net8.0": {
      "coverlet.collector": {
        "type": "Direct",
        "requested": "[6.0.2, )",
        "resolved": "6.0.2",
        "contentHash": "bJShQ6uWRTQ100ZeyiMqcFlhP7WJ+bCuabUs885dJiBEzMsJMSFr7BOyeCw4rgvQokteGi5rKQTlkhfQPUXg2A=="
      },
      "coverlet.msbuild": {
        "type": "Direct",
        "requested": "[6.0.2, )",
        "resolved": "6.0.2",
        "contentHash": "8b4jBNH7mcQy1otyQErjjIUuGD74XxKZ1wvDufbY7jhWwckl7wIa+icjwdPYeI0aYMS4Tp63LIZvyMFjWwOMDw=="
      },
      "GitHubActionsTestLogger": {
        "type": "Direct",
        "requested": "[2.3.3, )",
        "resolved": "2.3.3",
        "contentHash": "9mBfuOIUmZ3dnL/hYaENh/eGKC6r3ufwo2rEkWJVDDj2UUGuu59GsMezYkV3bj/wZ8rcgzDIr1fj/wXh1yklQA==",
        "dependencies": {
          "Microsoft.TestPlatform.ObjectModel": "17.7.1"
        }
      },
      "Microsoft.NET.Test.Sdk": {
        "type": "Direct",
        "requested": "[17.9.0, )",
        "resolved": "17.9.0",
        "contentHash": "7GUNAUbJYn644jzwLm5BD3a2p9C1dmP8Hr6fDPDxgItQk9hBs1Svdxzz07KQ/UphMSmgza9AbijBJGmw5D658A==",
        "dependencies": {
          "Microsoft.CodeCoverage": "17.9.0",
          "Microsoft.TestPlatform.TestHost": "17.9.0"
        }
      },
      "NSubstitute": {
        "type": "Direct",
        "requested": "[5.1.0, )",
        "resolved": "5.1.0",
        "contentHash": "ZCqOP3Kpp2ea7QcLyjMU4wzE+0wmrMN35PQMsdPOHYc2IrvjmusG9hICOiqiOTPKN0gJon6wyCn6ZuGHdNs9hQ==",
        "dependencies": {
          "Castle.Core": "5.1.1"
        }
      },
      "xunit": {
        "type": "Direct",
        "requested": "[2.7.0, )",
        "resolved": "2.7.0",
        "contentHash": "KcCI5zxh8zbUfQTeErc4oT7YokViVND2V0p4vDJ2VD4lhF9V5qCYMMDNixme7FdwYy3SwPHF+2xC2Dq4Z9GSlA==",
        "dependencies": {
          "xunit.analyzers": "1.11.0",
          "xunit.assert": "2.7.0",
          "xunit.core": "[2.7.0]"
        }
      },
      "xunit.runner.visualstudio": {
        "type": "Direct",
        "requested": "[2.5.7, )",
        "resolved": "2.5.7",
        "contentHash": "31Rl7dBJriX0DNwZfDp8gqFOPsiM0c9kqpcH/HvNi9vDp+K7Ydf42H7mVIvYT918Ywzn1ymLg1c4DDC6iU754w=="
      },
      "Azure.Core": {
        "type": "Transitive",
        "resolved": "1.36.0",
        "contentHash": "vwqFZdHS4dzPlI7FFRkPx9ctA+aGGeRev3gnzG8lntWvKMmBhAmulABi1O9CEvS3/jzYt7yA+0pqVdxkpAd7dQ==",
        "dependencies": {
          "Microsoft.Bcl.AsyncInterfaces": "1.1.1",
          "System.Diagnostics.DiagnosticSource": "6.0.1",
          "System.Memory.Data": "1.0.2",
          "System.Numerics.Vectors": "4.5.0",
          "System.Text.Encodings.Web": "4.7.2",
          "System.Text.Json": "4.7.2",
          "System.Threading.Tasks.Extensions": "4.5.4"
        }
      },
      "Castle.Core": {
        "type": "Transitive",
        "resolved": "5.1.1",
        "contentHash": "rpYtIczkzGpf+EkZgDr9CClTdemhsrwA/W5hMoPjLkRFnXzH44zDLoovXeKtmxb1ykXK9aJVODSpiJml8CTw2g==",
        "dependencies": {
          "System.Diagnostics.EventLog": "6.0.0"
        }
      },
      "Microsoft.Bcl.AsyncInterfaces": {
        "type": "Transitive",
        "resolved": "8.0.0",
        "contentHash": "3WA9q9yVqJp222P3x1wYIGDAkpjAku0TMUaaQV22g6L67AI0LdOIrVS7Ht2vJfLHGSPVuqN94vIr15qn+HEkHw=="
      },
      "Microsoft.CodeCoverage": {
        "type": "Transitive",
        "resolved": "17.9.0",
        "contentHash": "RGD37ZSrratfScYXm7M0HjvxMxZyWZL4jm+XgMZbkIY1UPgjUpbNA/t+WTGj/rC/0Hm9A3IrH3ywbKZkOCnoZA=="
      },
      "Microsoft.CSharp": {
        "type": "Transitive",
        "resolved": "4.7.0",
        "contentHash": "pTj+D3uJWyN3My70i2Hqo+OXixq3Os2D1nJ2x92FFo6sk8fYS1m1WLNTs0Dc1uPaViH0YvEEwvzddQ7y4rhXmA=="
      },
      "Microsoft.Extensions.Configuration": {
        "type": "Transitive",
        "resolved": "8.0.0",
        "contentHash": "0J/9YNXTMWSZP2p2+nvl8p71zpSwokZXZuJW+VjdErkegAnFdO1XlqtA62SJtgVYHdKu3uPxJHcMR/r35HwFBA==",
        "dependencies": {
          "Microsoft.Extensions.Configuration.Abstractions": "8.0.0",
          "Microsoft.Extensions.Primitives": "8.0.0"
        }
      },
      "Microsoft.Extensions.Configuration.Abstractions": {
        "type": "Transitive",
        "resolved": "8.0.0",
        "contentHash": "3lE/iLSutpgX1CC0NOW70FJoGARRHbyKmG7dc0klnUZ9Dd9hS6N/POPWhKhMLCEuNN5nXEY5agmlFtH562vqhQ==",
        "dependencies": {
          "Microsoft.Extensions.Primitives": "8.0.0"
        }
      },
      "Microsoft.Extensions.Configuration.Binder": {
        "type": "Transitive",
        "resolved": "8.0.0",
        "contentHash": "mBMoXLsr5s1y2zOHWmKsE9veDcx8h1x/c3rz4baEdQKTeDcmQAPNbB54Pi/lhFO3K431eEq6PFbMgLaa6PHFfA==",
        "dependencies": {
          "Microsoft.Extensions.Configuration.Abstractions": "8.0.0"
        }
      },
      "Microsoft.Extensions.DependencyInjection": {
        "type": "Transitive",
        "resolved": "8.0.0",
        "contentHash": "V8S3bsm50ig6JSyrbcJJ8bW2b9QLGouz+G1miK3UTaOWmMtFwNNNzUf4AleyDWUmTrWMLNnFSLEQtxmxgNQnNQ==",
        "dependencies": {
          "Microsoft.Extensions.DependencyInjection.Abstractions": "8.0.0"
        }
      },
      "Microsoft.Extensions.DependencyInjection.Abstractions": {
        "type": "Transitive",
        "resolved": "8.0.1",
        "contentHash": "fGLiCRLMYd00JYpClraLjJTNKLmMJPnqxMaiRzEBIIvevlzxz33mXy39Lkd48hu1G+N21S7QpaO5ZzKsI6FRuA=="
      },
      "Microsoft.Extensions.Diagnostics": {
        "type": "Transitive",
        "resolved": "8.0.0",
        "contentHash": "3PZp/YSkIXrF7QK7PfC1bkyRYwqOHpWFad8Qx+4wkuumAeXo1NHaxpS9LboNA9OvNSAu+QOVlXbMyoY+pHSqcw==",
        "dependencies": {
          "Microsoft.Extensions.Configuration": "8.0.0",
          "Microsoft.Extensions.Diagnostics.Abstractions": "8.0.0",
          "Microsoft.Extensions.Options.ConfigurationExtensions": "8.0.0"
        }
      },
      "Microsoft.Extensions.Diagnostics.Abstractions": {
        "type": "Transitive",
        "resolved": "8.0.0",
        "contentHash": "JHYCQG7HmugNYUhOl368g+NMxYE/N/AiclCYRNlgCY9eVyiBkOHMwK4x60RYMxv9EL3+rmj1mqHvdCiPpC+D4Q==",
        "dependencies": {
          "Microsoft.Extensions.DependencyInjection.Abstractions": "8.0.0",
          "Microsoft.Extensions.Options": "8.0.0",
          "System.Diagnostics.DiagnosticSource": "8.0.0"
        }
      },
      "Microsoft.Extensions.Http": {
        "type": "Transitive",
        "resolved": "8.0.0",
        "contentHash": "cWz4caHwvx0emoYe7NkHPxII/KkTI8R/LC9qdqJqnKv2poTJ4e2qqPGQqvRoQ5kaSA4FU5IV3qFAuLuOhoqULQ==",
        "dependencies": {
          "Microsoft.Extensions.Configuration.Abstractions": "8.0.0",
          "Microsoft.Extensions.DependencyInjection.Abstractions": "8.0.0",
          "Microsoft.Extensions.Diagnostics": "8.0.0",
          "Microsoft.Extensions.Logging": "8.0.0",
          "Microsoft.Extensions.Logging.Abstractions": "8.0.0",
          "Microsoft.Extensions.Options": "8.0.0"
        }
      },
      "Microsoft.Extensions.Logging": {
        "type": "Transitive",
        "resolved": "8.0.0",
        "contentHash": "tvRkov9tAJ3xP51LCv3FJ2zINmv1P8Hi8lhhtcKGqM+ImiTCC84uOPEI4z8Cdq2C3o9e+Aa0Gw0rmrsJD77W+w==",
        "dependencies": {
          "Microsoft.Extensions.DependencyInjection": "8.0.0",
          "Microsoft.Extensions.Logging.Abstractions": "8.0.0",
          "Microsoft.Extensions.Options": "8.0.0"
        }
      },
      "Microsoft.Extensions.Logging.Abstractions": {
        "type": "Transitive",
        "resolved": "8.0.1",
        "contentHash": "RIFgaqoaINxkM2KTOw72dmilDmTrYA0ns2KW4lDz4gZ2+o6IQ894CzmdL3StM2oh7QQq44nCWiqKqc4qUI9Jmg==",
        "dependencies": {
          "Microsoft.Extensions.DependencyInjection.Abstractions": "8.0.1"
        }
      },
      "Microsoft.Extensions.Options": {
        "type": "Transitive",
        "resolved": "8.0.2",
        "contentHash": "dWGKvhFybsaZpGmzkGCbNNwBD1rVlWzrZKANLW/CcbFJpCEceMCGzT7zZwHOGBCbwM0SzBuceMj5HN1LKV1QqA==",
        "dependencies": {
          "Microsoft.Extensions.DependencyInjection.Abstractions": "8.0.0",
          "Microsoft.Extensions.Primitives": "8.0.0"
        }
      },
      "Microsoft.Extensions.Options.ConfigurationExtensions": {
        "type": "Transitive",
        "resolved": "8.0.0",
        "contentHash": "0f4DMRqEd50zQh+UyJc+/HiBsZ3vhAQALgdkcQEalSH1L2isdC7Yj54M3cyo5e+BeO5fcBQ7Dxly8XiBBcvRgw==",
        "dependencies": {
          "Microsoft.Extensions.Configuration.Abstractions": "8.0.0",
          "Microsoft.Extensions.Configuration.Binder": "8.0.0",
          "Microsoft.Extensions.DependencyInjection.Abstractions": "8.0.0",
          "Microsoft.Extensions.Options": "8.0.0",
          "Microsoft.Extensions.Primitives": "8.0.0"
        }
      },
      "Microsoft.Extensions.Primitives": {
        "type": "Transitive",
        "resolved": "8.0.0",
        "contentHash": "bXJEZrW9ny8vjMF1JV253WeLhpEVzFo1lyaZu1vQ4ZxWUlVvknZ/+ftFgVheLubb4eZPSwwxBeqS1JkCOjxd8g=="
      },
      "Microsoft.Graph.Beta": {
        "type": "Transitive",
        "resolved": "5.59.0-preview",
        "contentHash": "Qx/vwDlDWSpeWQme0E/xByA48/5EjyZ8L4S6Arb/LPuaZv/bNcciefo9s/LUHXfC9Ep9cOck+HdseZBAJd7/tg==",
        "dependencies": {
          "Microsoft.Graph.Core": "3.1.3"
        }
      },
      "Microsoft.Graph.Core": {
        "type": "Transitive",
        "resolved": "3.1.3",
        "contentHash": "sysGvd+1vggJKIc5kfiDuwpMlJJaTwIK+uYA2MEo3PJp3asP8G2U+W0NFQvxANLUDipLTd2zofCbfRCVUjA4Ag==",
        "dependencies": {
          "Microsoft.IdentityModel.Protocols.OpenIdConnect": "7.0.3",
          "Microsoft.Kiota.Abstractions": "1.7.2",
          "Microsoft.Kiota.Authentication.Azure": "1.1.2",
          "Microsoft.Kiota.Http.HttpClientLibrary": "1.3.3",
          "Microsoft.Kiota.Serialization.Form": "1.1.1",
          "Microsoft.Kiota.Serialization.Json": "1.1.2",
          "Microsoft.Kiota.Serialization.Multipart": "1.1.1",
          "Microsoft.Kiota.Serialization.Text": "1.1.1",
          "NETStandard.Library": "2.0.3",
          "System.Security.Claims": "4.3.0"
        }
      },
      "Microsoft.Identity.Client": {
        "type": "Transitive",
        "resolved": "4.60.1",
        "contentHash": "rC+qiskr8RKq2a43hH55vuDRz4Wto+bxwxMrKzCIOann1NL0OFFTjEk4ZVnTTBdijVWC6mhOaSmdV1H6J6bXmA==",
        "dependencies": {
          "Microsoft.IdentityModel.Abstractions": "6.35.0",
          "System.Diagnostics.DiagnosticSource": "6.0.1"
        }
      },
      "Microsoft.Identity.Client.Broker": {
        "type": "Transitive",
        "resolved": "4.60.1",
        "contentHash": "q5W6Sl853jiuFVrcr4c0cWFFy/Szmm6GMVpL8QEt5GEymJbDTwhNvNC6qWP3yoy+xBZL1KYExt5MVj3QZ+pFjA==",
        "dependencies": {
          "Microsoft.Identity.Client": "4.60.1",
          "Microsoft.Identity.Client.NativeInterop": "0.16.0"
        }
      },
      "Microsoft.Identity.Client.Extensions.Msal": {
        "type": "Transitive",
        "resolved": "4.60.1",
        "contentHash": "EdPcGqvruFzNBcW+/3DSP4vNmLNYXSSnngj+QecAxmy6VRnvA7kt5KE2bU8qQmt4KkOitNHBVYVwze2XkqOLxw==",
        "dependencies": {
          "Microsoft.Identity.Client": "4.60.1",
          "System.Security.Cryptography.ProtectedData": "4.5.0"
        }
      },
      "Microsoft.Identity.Client.NativeInterop": {
        "type": "Transitive",
        "resolved": "0.16.0",
        "contentHash": "riaIH9tT4kRG4xKFxx+wpuo+VAZVOr1ElbNubcvpFXb82gjEmZtJRzpdiS4tdRYTVh6CUKNz9AINAptActTtBQ=="
      },
      "Microsoft.IdentityModel.Abstractions": {
        "type": "Transitive",
        "resolved": "7.5.0",
        "contentHash": "seOFPaBQh2K683eFujAuDsrO2XbOA+SvxRli+wu7kl+ZymuGQzjmmUKfyFHmDazpPOBnmOX1ZnjX7zFDZHyNIA=="
      },
      "Microsoft.IdentityModel.JsonWebTokens": {
        "type": "Transitive",
        "resolved": "7.5.0",
        "contentHash": "mfyiGptbcH+oYrzAtWWwuV+7MoM0G0si+9owaj6DGWInhq/N/KDj/pWHhq1ShdmBu332gjP+cppjgwBpsOj7Fg==",
        "dependencies": {
          "Microsoft.IdentityModel.Tokens": "7.5.0"
        }
      },
      "Microsoft.IdentityModel.Logging": {
        "type": "Transitive",
        "resolved": "7.5.0",
        "contentHash": "3BInZEajJvnTDP/YRrmJ3Fyw8XAWWR9jG+3FkhhzRJJYItVL+BEH9qlgxSmtrxp7S7N6TOv+Y+X8BG61viiehQ==",
        "dependencies": {
          "Microsoft.IdentityModel.Abstractions": "7.5.0"
        }
      },
      "Microsoft.IdentityModel.Protocols": {
        "type": "Transitive",
        "resolved": "7.0.3",
        "contentHash": "BtwR+tctBYhPNygyZmt1Rnw74GFrJteW+1zcdIgyvBCjkek6cNwPPqRfdhzCv61i+lwyNomRi8+iI4QKd4YCKA==",
        "dependencies": {
          "Microsoft.IdentityModel.Logging": "7.0.3",
          "Microsoft.IdentityModel.Tokens": "7.0.3"
        }
      },
      "Microsoft.IdentityModel.Protocols.OpenIdConnect": {
        "type": "Transitive",
        "resolved": "7.0.3",
        "contentHash": "W97TraHApDNArLwpPcXfD+FZH7njJsfEwZE9y9BoofeXMS8H0LBBobz0VOmYmMK4mLdOKxzN7SFT3Ekg0FWI3Q==",
        "dependencies": {
          "Microsoft.IdentityModel.Protocols": "7.0.3",
          "System.IdentityModel.Tokens.Jwt": "7.0.3"
        }
      },
      "Microsoft.IdentityModel.Tokens": {
        "type": "Transitive",
        "resolved": "7.5.0",
        "contentHash": "owe33wqe0ZbwBxM3D90I0XotxNyTdl85jud03d+OrUOJNnTiqnYePwBk3WU9yW0Rk5CYX+sfSim7frmu6jeEzQ==",
        "dependencies": {
          "Microsoft.IdentityModel.Logging": "7.5.0"
        }
      },
      "Microsoft.Kiota.Abstractions": {
        "type": "Transitive",
        "resolved": "1.7.2",
        "contentHash": "7ZxIrX23NZXqmYZyUCmjtDYnY6Wc9pkKWsItIxxSQ5Obea4xqX0AGRInxP8tsV5Z5t67RkVcM1O2zATRDJh1fA==",
        "dependencies": {
          "Std.UriTemplate": "0.0.46",
          "System.Diagnostics.DiagnosticSource": "[6.0.0, 9.0.0)"
        }
      },
      "Microsoft.Kiota.Authentication.Azure": {
        "type": "Transitive",
        "resolved": "1.1.2",
        "contentHash": "Dzc6h9pSHKCJPjJ4RnEs2liL4vVO/O7Oh8XolMHB7c+4/bkdvOdWS9UYz5uMtP4Q+zgnUF3KO/0WvJSA4nbiNw==",
        "dependencies": {
          "Azure.Core": "1.36.0",
          "Microsoft.Kiota.Abstractions": "1.7.2",
          "System.Diagnostics.DiagnosticSource": "[6.0.1, 9.0.0)"
        }
      },
      "Microsoft.Kiota.Http.HttpClientLibrary": {
        "type": "Transitive",
        "resolved": "1.3.3",
        "contentHash": "X+rkl///PgQawQyQGNtZHoY2rhcOc6BngOwK75098HUViJr1IuLc06k5Rq2eRPN0rdngWWyHwM5wC/96V04geQ==",
        "dependencies": {
          "Microsoft.Kiota.Abstractions": "1.7.2",
          "System.Diagnostics.DiagnosticSource": "[6.0.0, 9.0.0)",
          "System.Text.Json": "[6.0.0, 9.0.0)"
        }
      },
      "Microsoft.Kiota.Serialization.Form": {
        "type": "Transitive",
        "resolved": "1.1.1",
        "contentHash": "/j0B30rmLUoan6ckekHmPe6H0xJ3nCkn5RfgFfJkDnJiLO15N57+NTDgjGPbdwqRafQGyvJUmuON2APVZIdQhA==",
        "dependencies": {
          "Microsoft.Kiota.Abstractions": "1.7.2"
        }
      },
      "Microsoft.Kiota.Serialization.Json": {
        "type": "Transitive",
        "resolved": "1.1.2",
        "contentHash": "n421mk9agwBeHhAkeQIwRc3bjRE4oEPM1/CTxuiUZkd8ni4PN0Tabp3PPCjsuNmqcZXLleUh2nG/JBCoRizdzA==",
        "dependencies": {
          "Microsoft.Kiota.Abstractions": "1.7.2",
          "System.Text.Json": "[6.0.0, 9.0.0)"
        }
      },
      "Microsoft.Kiota.Serialization.Multipart": {
        "type": "Transitive",
        "resolved": "1.1.1",
        "contentHash": "+31xiVWveV9/8qGlm+STiwVVN74tpwJvXq2Q2MZGDQCWZ1j+aDr4y5auOw0l1yr2nD+1jjyjU239101Pu6ECgw==",
        "dependencies": {
          "Microsoft.Kiota.Abstractions": "1.7.2"
        }
      },
      "Microsoft.Kiota.Serialization.Text": {
        "type": "Transitive",
        "resolved": "1.1.1",
        "contentHash": "6iA04gp7BhbgkLjKJ9wq+/87zI5DROSkakQ5cenlUKMUySTHkleLI7f0r57BNHi+sCtQu5Am3+h40G85yJwhug==",
        "dependencies": {
          "Microsoft.Kiota.Abstractions": "1.7.2"
        }
      },
      "Microsoft.NETCore.Platforms": {
        "type": "Transitive",
        "resolved": "7.0.4",
        "contentHash": "yLEHlNN7O5WiND89r42sepgVwy5W/ZoTiFEdJDV7MHR1lW02LL7Nipz2TD5qM/Kx9W3/k3NP+PAP2qUdOm+leg=="
      },
      "Microsoft.NETCore.Targets": {
        "type": "Transitive",
        "resolved": "1.1.0",
        "contentHash": "aOZA3BWfz9RXjpzt0sRJJMjAscAUm3Hoa4UWAfceV9UTYxgwZ1lZt5nO2myFf+/jetYQo4uTP7zS8sJY67BBxg=="
      },
      "Microsoft.TestPlatform.ObjectModel": {
        "type": "Transitive",
        "resolved": "17.9.0",
        "contentHash": "1ilw/8vgmjLyKU+2SKXKXaOqpYFJCQfGqGz+x0cosl981VzjrY74Sv6qAJv+neZMZ9ZMxF3ArN6kotaQ4uvEBw==",
        "dependencies": {
          "System.Reflection.Metadata": "1.6.0"
        }
      },
      "Microsoft.TestPlatform.TestHost": {
        "type": "Transitive",
        "resolved": "17.9.0",
        "contentHash": "Spmg7Wx49Ya3SxBjyeAR+nQpjMTKZwTwpZ7KyeOTIqI/WHNPnBU4HUvl5kuHPQAwGWqMy4FGZja1HvEwvoaDiA==",
        "dependencies": {
          "Microsoft.TestPlatform.ObjectModel": "17.9.0",
          "Newtonsoft.Json": "13.0.1"
        }
      },
      "NETStandard.Library": {
        "type": "Transitive",
        "resolved": "2.0.3",
        "contentHash": "st47PosZSHrjECdjeIzZQbzivYBJFv6P2nv4cj2ypdI204DO+vZ7l5raGMiX4eXMJ53RfOIg+/s4DHVZ54Nu2A==",
        "dependencies": {
          "Microsoft.NETCore.Platforms": "1.1.0"
        }
      },
      "Newtonsoft.Json": {
        "type": "Transitive",
        "resolved": "13.0.1",
        "contentHash": "ppPFpBcvxdsfUonNcvITKqLl3bqxWbDCZIzDWHzjpdAHRFfZe0Dw9HmA0+za13IdyrgJwpkDTDA9fHaxOrt20A=="
      },
      "Riok.Mapperly": {
        "type": "Transitive",
        "resolved": "3.4.0",
        "contentHash": "bTxBEQ0+2x816IL78Fv0B/KkaGRtzfisit9dfWTfa7jjjwMMzpMW9A+V/hyxqHdJtYvtDL6dUNMLJige4zxJvw=="
      },
      "Std.UriTemplate": {
        "type": "Transitive",
        "resolved": "0.0.46",
        "contentHash": "/cCCMsB3i+MVt5LTbl236dnFd/BE4dKzzzC1teGTpAHzwPTiLIuD5hioGgtPuli/enAj8Dhmt/e9JlVUIITIgQ=="
      },
      "SvRooij.ContentPrep": {
        "type": "Transitive",
        "resolved": "0.1.3-alpha0001",
        "contentHash": "9exebiAiEz1cn5XKxivypRmpG0t0ykSFrenU8GtwYzv3JrIlkXT6WdntsVYr181ebWhdAWOU4cjR5IgMjDqQMg==",
        "dependencies": {
          "Microsoft.Extensions.Logging.Abstractions": "7.0.1",
          "Microsoft.NETCore.Platforms": "7.0.4",
          "System.Runtime.CompilerServices.Unsafe": "6.0.0"
        }
      },
      "System.Collections": {
        "type": "Transitive",
        "resolved": "4.3.0",
        "contentHash": "3Dcj85/TBdVpL5Zr+gEEBUuFe2icOnLalmEh9hfck1PTYbbyWuZgh4fmm2ysCLTrqLQw6t3TgTyJ+VLp+Qb+Lw==",
        "dependencies": {
          "Microsoft.NETCore.Platforms": "1.1.0",
          "Microsoft.NETCore.Targets": "1.1.0",
          "System.Runtime": "4.3.0"
        }
      },
      "System.Diagnostics.DiagnosticSource": {
        "type": "Transitive",
        "resolved": "8.0.0",
        "contentHash": "c9xLpVz6PL9lp/djOWtk5KPDZq3cSYpmXoJQY524EOtuFl5z9ZtsotpsyrDW40U1DRnQSYvcPKEUV0X//u6gkQ=="
      },
      "System.Diagnostics.EventLog": {
        "type": "Transitive",
        "resolved": "6.0.0",
        "contentHash": "lcyUiXTsETK2ALsZrX+nWuHSIQeazhqPphLfaRxzdGaG93+0kELqpgEHtwWOlQe7+jSFnKwaCAgL4kjeZCQJnw=="
      },
      "System.Globalization": {
        "type": "Transitive",
        "resolved": "4.3.0",
        "contentHash": "kYdVd2f2PAdFGblzFswE4hkNANJBKRmsfa2X5LG2AcWE1c7/4t0pYae1L8vfZ5xvE2nK/R9JprtToA61OSHWIg==",
        "dependencies": {
          "Microsoft.NETCore.Platforms": "1.1.0",
          "Microsoft.NETCore.Targets": "1.1.0",
          "System.Runtime": "4.3.0"
        }
      },
      "System.IdentityModel.Tokens.Jwt": {
        "type": "Transitive",
        "resolved": "7.5.0",
        "contentHash": "D0TtrWOfoPdyYSlvOGaU9F1QR+qrbgJ/4eiEsQkIz7YQKIKkGXQldXukn6cYG9OahSq5UVMvyAIObECpH6Wglg==",
        "dependencies": {
          "Microsoft.IdentityModel.JsonWebTokens": "7.5.0",
          "Microsoft.IdentityModel.Tokens": "7.5.0"
        }
      },
      "System.IO": {
        "type": "Transitive",
        "resolved": "4.3.0",
        "contentHash": "3qjaHvxQPDpSOYICjUoTsmoq5u6QJAFRUITgeT/4gqkF1bajbSmb1kwSxEA8AHlofqgcKJcM8udgieRNhaJ5Cg==",
        "dependencies": {
          "Microsoft.NETCore.Platforms": "1.1.0",
          "Microsoft.NETCore.Targets": "1.1.0",
          "System.Runtime": "4.3.0",
          "System.Text.Encoding": "4.3.0",
          "System.Threading.Tasks": "4.3.0"
        }
      },
      "System.Memory.Data": {
        "type": "Transitive",
        "resolved": "1.0.2",
        "contentHash": "JGkzeqgBsiZwKJZ1IxPNsDFZDhUvuEdX8L8BDC8N3KOj+6zMcNU28CNN59TpZE/VJYy9cP+5M+sbxtWJx3/xtw==",
        "dependencies": {
          "System.Text.Encodings.Web": "4.7.2",
          "System.Text.Json": "4.6.0"
        }
      },
      "System.Numerics.Vectors": {
        "type": "Transitive",
        "resolved": "4.5.0",
        "contentHash": "QQTlPTl06J/iiDbJCiepZ4H//BVraReU4O4EoRw1U02H5TLUIT7xn3GnDp9AXPSlJUDyFs4uWjWafNX6WrAojQ=="
      },
      "System.Reflection": {
        "type": "Transitive",
        "resolved": "4.3.0",
        "contentHash": "KMiAFoW7MfJGa9nDFNcfu+FpEdiHpWgTcS2HdMpDvt9saK3y/G4GwprPyzqjFH9NTaGPQeWNHU+iDlDILj96aQ==",
        "dependencies": {
          "Microsoft.NETCore.Platforms": "1.1.0",
          "Microsoft.NETCore.Targets": "1.1.0",
          "System.IO": "4.3.0",
          "System.Reflection.Primitives": "4.3.0",
          "System.Runtime": "4.3.0"
        }
      },
      "System.Reflection.Metadata": {
        "type": "Transitive",
        "resolved": "1.6.0",
        "contentHash": "COC1aiAJjCoA5GBF+QKL2uLqEBew4JsCkQmoHKbN3TlOZKa2fKLz5CpiRQKDz0RsAOEGsVKqOD5bomsXq/4STQ=="
      },
      "System.Reflection.Primitives": {
        "type": "Transitive",
        "resolved": "4.3.0",
        "contentHash": "5RXItQz5As4xN2/YUDxdpsEkMhvw3e6aNveFXUn4Hl/udNTCNhnKp8lT9fnc3MhvGKh1baak5CovpuQUXHAlIA==",
        "dependencies": {
          "Microsoft.NETCore.Platforms": "1.1.0",
          "Microsoft.NETCore.Targets": "1.1.0",
          "System.Runtime": "4.3.0"
        }
      },
      "System.Resources.ResourceManager": {
        "type": "Transitive",
        "resolved": "4.3.0",
        "contentHash": "/zrcPkkWdZmI4F92gL/TPumP98AVDu/Wxr3CSJGQQ+XN6wbRZcyfSKVoPo17ilb3iOr0cCRqJInGwNMolqhS8A==",
        "dependencies": {
          "Microsoft.NETCore.Platforms": "1.1.0",
          "Microsoft.NETCore.Targets": "1.1.0",
          "System.Globalization": "4.3.0",
          "System.Reflection": "4.3.0",
          "System.Runtime": "4.3.0"
        }
      },
      "System.Runtime": {
        "type": "Transitive",
        "resolved": "4.3.0",
        "contentHash": "JufQi0vPQ0xGnAczR13AUFglDyVYt4Kqnz1AZaiKZ5+GICq0/1MH/mO/eAJHt/mHW1zjKBJd7kV26SrxddAhiw==",
        "dependencies": {
          "Microsoft.NETCore.Platforms": "1.1.0",
          "Microsoft.NETCore.Targets": "1.1.0"
        }
      },
      "System.Runtime.CompilerServices.Unsafe": {
        "type": "Transitive",
        "resolved": "6.0.0",
        "contentHash": "/iUeP3tq1S0XdNNoMz5C9twLSrM/TH+qElHkXWaPvuNOt+99G75NrV0OS2EqHx5wMN7popYjpc8oTjC1y16DLg=="
      },
      "System.Runtime.Extensions": {
        "type": "Transitive",
        "resolved": "4.3.0",
        "contentHash": "guW0uK0fn5fcJJ1tJVXYd7/1h5F+pea1r7FLSOz/f8vPEqbR2ZAknuRDvTQ8PzAilDveOxNjSfr0CHfIQfFk8g==",
        "dependencies": {
          "Microsoft.NETCore.Platforms": "1.1.0",
          "Microsoft.NETCore.Targets": "1.1.0",
          "System.Runtime": "4.3.0"
        }
      },
      "System.Security.Claims": {
        "type": "Transitive",
        "resolved": "4.3.0",
        "contentHash": "P/+BR/2lnc4PNDHt/TPBAWHVMLMRHsyYZbU1NphW4HIWzCggz8mJbTQQ3MKljFE7LS3WagmVFuBgoLcFzYXlkA==",
        "dependencies": {
          "System.Collections": "4.3.0",
          "System.Globalization": "4.3.0",
          "System.IO": "4.3.0",
          "System.Resources.ResourceManager": "4.3.0",
          "System.Runtime": "4.3.0",
          "System.Runtime.Extensions": "4.3.0",
          "System.Security.Principal": "4.3.0"
        }
      },
      "System.Security.Cryptography.ProtectedData": {
        "type": "Transitive",
        "resolved": "4.5.0",
        "contentHash": "wLBKzFnDCxP12VL9ANydSYhk59fC4cvOr9ypYQLPnAj48NQIhqnjdD2yhP8yEKyBJEjERWS9DisKL7rX5eU25Q=="
      },
      "System.Security.Principal": {
        "type": "Transitive",
        "resolved": "4.3.0",
        "contentHash": "I1tkfQlAoMM2URscUtpcRo/hX0jinXx6a/KUtEQoz3owaYwl3qwsO8cbzYVVnjxrzxjHo3nJC+62uolgeGIS9A==",
        "dependencies": {
          "System.Runtime": "4.3.0"
        }
      },
      "System.Text.Encoding": {
        "type": "Transitive",
        "resolved": "4.3.0",
        "contentHash": "BiIg+KWaSDOITze6jGQynxg64naAPtqGHBwDrLaCtixsa5bKiR8dpPOHA7ge3C0JJQizJE+sfkz1wV+BAKAYZw==",
        "dependencies": {
          "Microsoft.NETCore.Platforms": "1.1.0",
          "Microsoft.NETCore.Targets": "1.1.0",
          "System.Runtime": "4.3.0"
        }
      },
      "System.Text.Encodings.Web": {
        "type": "Transitive",
        "resolved": "6.0.0",
        "contentHash": "Vg8eB5Tawm1IFqj4TVK1czJX89rhFxJo9ELqc/Eiq0eXy13RK00eubyU6TJE6y+GQXjyV5gSfiewDUZjQgSE0w==",
        "dependencies": {
          "System.Runtime.CompilerServices.Unsafe": "6.0.0"
        }
      },
      "System.Text.Json": {
        "type": "Transitive",
        "resolved": "6.0.0",
        "contentHash": "zaJsHfESQvJ11vbXnNlkrR46IaMULk/gHxYsJphzSF+07kTjPHv+Oc14w6QEOfo3Q4hqLJgStUaYB9DBl0TmWg==",
        "dependencies": {
          "System.Runtime.CompilerServices.Unsafe": "6.0.0",
          "System.Text.Encodings.Web": "6.0.0"
        }
      },
      "System.Threading.Tasks": {
        "type": "Transitive",
        "resolved": "4.3.0",
        "contentHash": "LbSxKEdOUhVe8BezB/9uOGGppt+nZf6e1VFyw6v3DN6lqitm0OSn2uXMOdtP0M3W4iMcqcivm2J6UgqiwwnXiA==",
        "dependencies": {
          "Microsoft.NETCore.Platforms": "1.1.0",
          "Microsoft.NETCore.Targets": "1.1.0",
          "System.Runtime": "4.3.0"
        }
      },
      "System.Threading.Tasks.Extensions": {
        "type": "Transitive",
        "resolved": "4.5.4",
        "contentHash": "zteT+G8xuGu6mS+mzDzYXbzS7rd3K6Fjb9RiZlYlJPam2/hU7JCBZBVEcywNuR+oZ1ncTvc/cq0faRr3P01OVg=="
      },
      "xunit.abstractions": {
        "type": "Transitive",
        "resolved": "2.0.3",
        "contentHash": "pot1I4YOxlWjIb5jmwvvQNbTrZ3lJQ+jUGkGjWE3hEFM0l5gOnBWS+H3qsex68s5cO52g+44vpGzhAt+42vwKg=="
      },
      "xunit.analyzers": {
        "type": "Transitive",
        "resolved": "1.11.0",
        "contentHash": "SCv+Ihxv+fCqotGeM8sVwLhw8nzAJ2aFRN5lcoKn9QtGdbVJ79JqDc+4u8/Ddnp2udxtmv+xYFWkHNlb/sk01w=="
      },
      "xunit.assert": {
        "type": "Transitive",
        "resolved": "2.7.0",
        "contentHash": "CCTs3bUhmIS4tDwK6Cn/IiabG3RhYzdf65eIkO7u9/grKoN9MrN780LzVED3E8v+vwmmj7b5TW3/GFuZHPAzWA=="
      },
      "xunit.core": {
        "type": "Transitive",
        "resolved": "2.7.0",
        "contentHash": "98tzqYAbtc/p/2Ba455XTNbD12Qoo8kPehjC4oDT46CAsLli5JOCU9hFF2MV3HHWMw/Y3yFUV2Vcukplbs6kuA==",
        "dependencies": {
          "xunit.extensibility.core": "[2.7.0]",
          "xunit.extensibility.execution": "[2.7.0]"
        }
      },
      "xunit.extensibility.core": {
        "type": "Transitive",
        "resolved": "2.7.0",
        "contentHash": "JLnx4PI0vn1Xr1Ust6ydrp2t/ktm2dyGPAVoDJV5gQuvBMSbd2K7WGzODa2ttiz030CeQ8nbsXl05+cvf7QNyA==",
        "dependencies": {
          "xunit.abstractions": "2.0.3"
        }
      },
      "xunit.extensibility.execution": {
        "type": "Transitive",
        "resolved": "2.7.0",
        "contentHash": "bjY+crT1jOyxKagFjCMdEVzoenO2v66ru8+CK/0UaXvyG4U9Q3UTieJkbQXbi7/1yZIK1sGh01l5/jh2CwLJtQ==",
        "dependencies": {
          "xunit.extensibility.core": "[2.7.0]"
        }
      },
      "YamlDotNet": {
        "type": "Transitive",
        "resolved": "13.7.1",
        "contentHash": "X4m1PnFcJwvAj1sCDMntg/eZcX96CJLrWMiYnq41KqhFVZPuw63ZTSxIGqgdCwHWHvCAyTxheELC/VDf1HsU2A=="
      },
      "winget.communityrepository": {
        "type": "Project",
        "dependencies": {
          "Microsoft.Extensions.Logging.Abstractions": "[8.0.1, )",
          "YamlDotNet": "[13.7.1, )"
        }
      },
      "wingetintune": {
        "type": "Project",
        "dependencies": {
          "Microsoft.Bcl.AsyncInterfaces": "[8.0.0, )",
          "Microsoft.CSharp": "[4.7.0, )",
          "Microsoft.Extensions.Http": "[8.0.0, )",
          "Microsoft.Extensions.Logging.Abstractions": "[8.0.1, )",
          "Microsoft.Extensions.Options": "[8.0.2, )",
          "Microsoft.Graph.Beta": "[5.59.0-preview, )",
          "Microsoft.Identity.Client.Broker": "[4.60.1, )",
          "Microsoft.Identity.Client.Extensions.Msal": "[4.60.1, )",
          "Riok.Mapperly": "[3.4.0, )",
          "SvRooij.ContentPrep": "[0.1.3-alpha0001, )",
          "System.IdentityModel.Tokens.Jwt": "[7.5.0, )",
          "Winget.CommunityRepository": "[1.0.0, )"
        }
      }
    }
  }
}