{
  "version": 1,
  "dependencies": {
    "net8.0": {
      "coverlet.collector": {
        "type": "Direct",
        "requested": "[6.0.2, )",
        "resolved": "6.0.2",
        "contentHash": "bJShQ6uWRTQ100ZeyiMqcFlhP7WJ+bCuabUs885dJiBEzMsJMSFr7BOyeCw4rgvQokteGi5rKQTlkhfQPUXg2A=="
      },
      "coverlet.msbuild": {
        "type": "Direct",
        "requested": "[6.0.2, )",
        "resolved": "6.0.2",
        "contentHash": "8b4jBNH7mcQy1otyQErjjIUuGD74XxKZ1wvDufbY7jhWwckl7wIa+icjwdPYeI0aYMS4Tp63LIZvyMFjWwOMDw=="
      },
      "GitHubActionsTestLogger": {
        "type": "Direct",
        "requested": "[2.4.1, )",
        "resolved": "2.4.1",
        "contentHash": "SH1ar/kg36CggzMqLUDRoUqR8SSjK/JiQ2JS8MYg8u0RCLDkkDEbPGIN91omOPx9f2GuDqsxxofSdgsQje3Xuw==",
        "dependencies": {
          "Microsoft.TestPlatform.ObjectModel": "17.10.0"
        }
      },
      "Microsoft.NET.Test.Sdk": {
        "type": "Direct",
        "requested": "[17.11.0, )",
        "resolved": "17.11.0",
        "contentHash": "fH7P0LihMXgnlNLtrXGetHd30aQcD+YrSbWXbCPBnrypdRApPgNqd/TgncTlSVY1bbLYdnvpBgts2dcnK37GzA==",
        "dependencies": {
          "Microsoft.CodeCoverage": "17.11.0",
          "Microsoft.TestPlatform.TestHost": "17.11.0"
        }
      },
      "NSubstitute": {
        "type": "Direct",
        "requested": "[5.3.0, )",
        "resolved": "5.3.0",
        "contentHash": "lJ47Cps5Qzr86N99lcwd+OUvQma7+fBgr8+Mn+aOC0WrlqMNkdivaYD9IvnZ5Mqo6Ky3LS7ZI+tUq1/s9ERd0Q==",
        "dependencies": {
          "Castle.Core": "5.1.1"
        }
      },
      "xunit": {
        "type": "Direct",
        "requested": "[2.9.2, )",
        "resolved": "2.9.2",
        "contentHash": "7LhFS2N9Z6Xgg8aE5lY95cneYivRMfRI8v+4PATa4S64D5Z/Plkg0qa8dTRHSiGRgVZ/CL2gEfJDE5AUhOX+2Q==",
        "dependencies": {
          "xunit.analyzers": "1.16.0",
          "xunit.assert": "2.9.2",
          "xunit.core": "[2.9.2]"
        }
      },
      "xunit.runner.visualstudio": {
        "type": "Direct",
        "requested": "[2.8.2, )",
        "resolved": "2.8.2",
        "contentHash": "vm1tbfXhFmjFMUmS4M0J0ASXz3/U5XvXBa6DOQUL3fEz4Vt6YPhv+ESCarx6M6D+9kJkJYZKCNvJMas1+nVfmQ=="
      },
      "Azure.Core": {
        "type": "Transitive",
        "resolved": "1.44.1",
        "contentHash": "YyznXLQZCregzHvioip07/BkzjuWNXogJEVz9T5W6TwjNr17ax41YGzYMptlo2G10oLCuVPoyva62y0SIRDixg==",
        "dependencies": {
          "Microsoft.Bcl.AsyncInterfaces": "6.0.0",
          "System.ClientModel": "1.1.0",
          "System.Diagnostics.DiagnosticSource": "6.0.1",
          "System.Memory.Data": "6.0.0",
          "System.Numerics.Vectors": "4.5.0",
          "System.Text.Encodings.Web": "6.0.0",
          "System.Text.Json": "6.0.10",
          "System.Threading.Tasks.Extensions": "4.5.4"
        }
      },
      "Castle.Core": {
        "type": "Transitive",
        "resolved": "5.1.1",
        "contentHash": "rpYtIczkzGpf+EkZgDr9CClTdemhsrwA/W5hMoPjLkRFnXzH44zDLoovXeKtmxb1ykXK9aJVODSpiJml8CTw2g==",
        "dependencies": {
          "System.Diagnostics.EventLog": "6.0.0"
        }
      },
      "Microsoft.Bcl.AsyncInterfaces": {
        "type": "Transitive",
        "resolved": "8.0.0",
        "contentHash": "3WA9q9yVqJp222P3x1wYIGDAkpjAku0TMUaaQV22g6L67AI0LdOIrVS7Ht2vJfLHGSPVuqN94vIr15qn+HEkHw=="
      },
      "Microsoft.CodeCoverage": {
        "type": "Transitive",
        "resolved": "17.11.0",
        "contentHash": "QKcOSuw7MZG4XiQ+pCj+Ib6amOwoRDEO7e3DbxqXeOPXSnfyGXYoZQI8I140s1mKQVn1Vh+c5WlKvCvlgMovpg=="
      },
      "Microsoft.CSharp": {
        "type": "Transitive",
        "resolved": "4.7.0",
        "contentHash": "pTj+D3uJWyN3My70i2Hqo+OXixq3Os2D1nJ2x92FFo6sk8fYS1m1WLNTs0Dc1uPaViH0YvEEwvzddQ7y4rhXmA=="
      },
      "Microsoft.Extensions.Configuration": {
        "type": "Transitive",
        "resolved": "8.0.0",
        "contentHash": "0J/9YNXTMWSZP2p2+nvl8p71zpSwokZXZuJW+VjdErkegAnFdO1XlqtA62SJtgVYHdKu3uPxJHcMR/r35HwFBA==",
        "dependencies": {
          "Microsoft.Extensions.Configuration.Abstractions": "8.0.0",
          "Microsoft.Extensions.Primitives": "8.0.0"
        }
      },
      "Microsoft.Extensions.Configuration.Abstractions": {
        "type": "Transitive",
        "resolved": "8.0.0",
        "contentHash": "3lE/iLSutpgX1CC0NOW70FJoGARRHbyKmG7dc0klnUZ9Dd9hS6N/POPWhKhMLCEuNN5nXEY5agmlFtH562vqhQ==",
        "dependencies": {
          "Microsoft.Extensions.Primitives": "8.0.0"
        }
      },
      "Microsoft.Extensions.Configuration.Binder": {
        "type": "Transitive",
        "resolved": "8.0.0",
        "contentHash": "mBMoXLsr5s1y2zOHWmKsE9veDcx8h1x/c3rz4baEdQKTeDcmQAPNbB54Pi/lhFO3K431eEq6PFbMgLaa6PHFfA==",
        "dependencies": {
          "Microsoft.Extensions.Configuration.Abstractions": "8.0.0"
        }
      },
      "Microsoft.Extensions.DependencyInjection": {
        "type": "Transitive",
        "resolved": "8.0.1",
        "contentHash": "BmANAnR5Xd4Oqw7yQ75xOAYODybZQRzdeNucg7kS5wWKd2PNnMdYtJ2Vciy0QLylRmv42DGl5+AFL9izA6F1Rw==",
        "dependencies": {
          "Microsoft.Extensions.DependencyInjection.Abstractions": "8.0.2"
        }
      },
      "Microsoft.Extensions.DependencyInjection.Abstractions": {
        "type": "Transitive",
        "resolved": "8.0.2",
        "contentHash": "3iE7UF7MQkCv1cxzCahz+Y/guQbTqieyxyaWKhrRO91itI9cOKO76OHeQDahqG4MmW5umr3CcCvGmK92lWNlbg=="
      },
      "Microsoft.Extensions.Diagnostics": {
        "type": "Transitive",
        "resolved": "8.0.1",
        "contentHash": "doVPCUUCY7c6LhBsEfiy3W1bvS7Mi6LkfQMS8nlC22jZWNxBv8VO8bdfeyvpYFst6Kxqk7HBC6lytmEoBssvSQ==",
        "dependencies": {
          "Microsoft.Extensions.Configuration": "8.0.0",
          "Microsoft.Extensions.Diagnostics.Abstractions": "8.0.1",
          "Microsoft.Extensions.Options.ConfigurationExtensions": "8.0.0"
        }
      },
      "Microsoft.Extensions.Diagnostics.Abstractions": {
        "type": "Transitive",
        "resolved": "8.0.1",
        "contentHash": "elH2vmwNmsXuKmUeMQ4YW9ldXiF+gSGDgg1vORksob5POnpaI6caj1Hu8zaYbEuibhqCoWg0YRWDazBY3zjBfg==",
        "dependencies": {
          "Microsoft.Extensions.DependencyInjection.Abstractions": "8.0.2",
          "Microsoft.Extensions.Options": "8.0.2"
        }
      },
      "Microsoft.Extensions.Http": {
        "type": "Transitive",
        "resolved": "8.0.1",
        "contentHash": "kDYeKJUzh0qeg/AI+nSr3ffthmXYQTEb0nS9qRC7YhSbbuN4M4NPbaB77AJwtkTnCV9XZ7qYj3dkZaNcyl73EA==",
        "dependencies": {
          "Microsoft.Extensions.Configuration.Abstractions": "8.0.0",
          "Microsoft.Extensions.DependencyInjection.Abstractions": "8.0.2",
          "Microsoft.Extensions.Diagnostics": "8.0.1",
          "Microsoft.Extensions.Logging": "8.0.1",
          "Microsoft.Extensions.Logging.Abstractions": "8.0.2",
          "Microsoft.Extensions.Options": "8.0.2"
        }
      },
      "Microsoft.Extensions.Logging": {
        "type": "Transitive",
        "resolved": "8.0.1",
        "contentHash": "4x+pzsQEbqxhNf1QYRr5TDkLP9UsLT3A6MdRKDDEgrW7h1ljiEPgTNhKYUhNCCAaVpQECVQ+onA91PTPnIp6Lw==",
        "dependencies": {
          "Microsoft.Extensions.DependencyInjection": "8.0.1",
          "Microsoft.Extensions.Logging.Abstractions": "8.0.2",
          "Microsoft.Extensions.Options": "8.0.2"
        }
      },
      "Microsoft.Extensions.Logging.Abstractions": {
        "type": "Transitive",
        "resolved": "8.0.2",
        "contentHash": "nroMDjS7hNBPtkZqVBbSiQaQjWRDxITI8Y7XnDs97rqG3EbzVTNLZQf7bIeUJcaHOV8bca47s1Uxq94+2oGdxA==",
        "dependencies": {
          "Microsoft.Extensions.DependencyInjection.Abstractions": "8.0.2"
        }
      },
      "Microsoft.Extensions.Options": {
        "type": "Transitive",
        "resolved": "8.0.2",
        "contentHash": "dWGKvhFybsaZpGmzkGCbNNwBD1rVlWzrZKANLW/CcbFJpCEceMCGzT7zZwHOGBCbwM0SzBuceMj5HN1LKV1QqA==",
        "dependencies": {
          "Microsoft.Extensions.DependencyInjection.Abstractions": "8.0.0",
          "Microsoft.Extensions.Primitives": "8.0.0"
        }
      },
      "Microsoft.Extensions.Options.ConfigurationExtensions": {
        "type": "Transitive",
        "resolved": "8.0.0",
        "contentHash": "0f4DMRqEd50zQh+UyJc+/HiBsZ3vhAQALgdkcQEalSH1L2isdC7Yj54M3cyo5e+BeO5fcBQ7Dxly8XiBBcvRgw==",
        "dependencies": {
          "Microsoft.Extensions.Configuration.Abstractions": "8.0.0",
          "Microsoft.Extensions.Configuration.Binder": "8.0.0",
          "Microsoft.Extensions.DependencyInjection.Abstractions": "8.0.0",
          "Microsoft.Extensions.Options": "8.0.0",
          "Microsoft.Extensions.Primitives": "8.0.0"
        }
      },
      "Microsoft.Extensions.Primitives": {
        "type": "Transitive",
        "resolved": "8.0.0",
        "contentHash": "bXJEZrW9ny8vjMF1JV253WeLhpEVzFo1lyaZu1vQ4ZxWUlVvknZ/+ftFgVheLubb4eZPSwwxBeqS1JkCOjxd8g=="
      },
      "Microsoft.Graph.Beta": {
        "type": "Transitive",
        "resolved": "5.78.0-preview",
        "contentHash": "HD7wd1Tfmdtj8x0t2RohAjD9gNQxRP52id8hrY/L0EiXUj0/qG9OOKSccIfI3ATgrRZAYqKhedhbyNxO88txow==",
        "dependencies": {
          "Microsoft.Graph.Core": "3.1.12"
        }
      },
      "Microsoft.Graph.Core": {
        "type": "Transitive",
        "resolved": "3.2.0",
        "contentHash": "NlRqG6+1i2sE6AYJHBsAC9SiD1OMBonibiZUJgnWFujAeRAZR4lQ1gywf4B+y7YNa8xjxSHDm5hEmEdmcCt7UQ==",
        "dependencies": {
          "Microsoft.IdentityModel.Protocols.OpenIdConnect": "8.0.2",
          "Microsoft.IdentityModel.Validators": "8.0.2",
          "Microsoft.Kiota.Abstractions": "1.14.0",
          "Microsoft.Kiota.Authentication.Azure": "1.14.0",
          "Microsoft.Kiota.Http.HttpClientLibrary": "1.14.0",
          "Microsoft.Kiota.Serialization.Form": "1.14.0",
          "Microsoft.Kiota.Serialization.Json": "1.14.0",
          "Microsoft.Kiota.Serialization.Multipart": "1.14.0",
          "Microsoft.Kiota.Serialization.Text": "1.14.0"
        }
      },
      "Microsoft.Identity.Client": {
        "type": "Transitive",
        "resolved": "4.66.2",
        "contentHash": "OsWRWpJs5iY9DxAF7DfWRGVNeFhjz75x+/bpHKB9Hbnu3THUgqYfQrYeQMgwx30ctweiV7h00aQpEua2kLeUpg==",
        "dependencies": {
          "Microsoft.IdentityModel.Abstractions": "6.35.0",
          "System.Diagnostics.DiagnosticSource": "6.0.1"
        }
      },
      "Microsoft.Identity.Client.Broker": {
        "type": "Transitive",
        "resolved": "4.66.2",
        "contentHash": "KpvVCdtujXafUCh2tYUNEcRrrU93+og8KTCjC+gKuSlIFwp0emdvDTXm/hqYUxO+wsdJdaqlaFvUeWzmhYt56A==",
        "dependencies": {
          "Microsoft.Identity.Client": "4.66.2",
          "Microsoft.Identity.Client.NativeInterop": "0.16.2"
        }
      },
      "Microsoft.Identity.Client.Extensions.Msal": {
        "type": "Transitive",
        "resolved": "4.66.2",
        "contentHash": "ROTuFu8CTbENzCu0aan3n557EeakD4DKBXiK/ph+m9YNnwWdTfPTZMLSEmMzBorajYG3n7QGuang898AIcR+8w==",
        "dependencies": {
          "Microsoft.Identity.Client": "4.66.2",
          "System.Security.Cryptography.ProtectedData": "4.5.0"
        }
      },
      "Microsoft.Identity.Client.NativeInterop": {
        "type": "Transitive",
        "resolved": "0.16.2",
        "contentHash": "hBPb/EjS3PNN+5B3a3PzVHBGb/RWRKY+q+Ib0D40NtdiZekkIApdOcjuJa31h5gVQGuyEkBIi6/PiG1ioqncjQ=="
      },
      "Microsoft.IdentityModel.Abstractions": {
        "type": "Transitive",
        "resolved": "8.0.2",
        "contentHash": "m73Bun0l0jL8rceWZ9TMD4hwQCjDIaRT1s5RMN7TBDpXu8Ea8KcRndo45btW9gG0i/USmHLCmOBIITvTA4Y6PA=="
      },
      "Microsoft.IdentityModel.JsonWebTokens": {
        "type": "Transitive",
        "resolved": "8.0.2",
        "contentHash": "6CVWMfXrQPMUaqlsMfG8OjtyTIKvtgiQCFOJ2YhSZo1UDaAWweVN7jGSrz59Ez0Y8lh260WE5V2b0Oe9NlVlyw==",
        "dependencies": {
          "Microsoft.IdentityModel.Tokens": "8.0.2"
        }
      },
      "Microsoft.IdentityModel.Logging": {
        "type": "Transitive",
        "resolved": "8.0.2",
        "contentHash": "iKUyFKCQgc8rcEqyIJGLOIqqxemG7bgraqS9n5J6RPoZZH7dwxmJd3aFYmxXuAnfznJuaE1DQX5U46Cqvb+BOg==",
        "dependencies": {
          "Microsoft.IdentityModel.Abstractions": "8.0.2"
        }
      },
      "Microsoft.IdentityModel.Protocols": {
        "type": "Transitive",
        "resolved": "8.0.2",
        "contentHash": "l6W99hw88Kd+2m7N7WMzo/PxiHRI6TD8hsWs2XlbEs6BWgRtLAeyNlASst1QOznDvQa2kPl9nMpvgo5Hbo7gsQ==",
        "dependencies": {
          "Microsoft.IdentityModel.Tokens": "8.0.2"
        }
      },
      "Microsoft.IdentityModel.Protocols.OpenIdConnect": {
        "type": "Transitive",
        "resolved": "8.0.2",
        "contentHash": "1s4MqU31FWqZD5Lhcv4tOYq2P4q77eVHQJMnNCESaOwMaDAcx/FKUz9HlAngBfFNaIZj9KHQVtyXbIJXb/M8rw==",
        "dependencies": {
          "Microsoft.IdentityModel.Protocols": "8.0.2",
          "System.IdentityModel.Tokens.Jwt": "8.0.2"
        }
      },
      "Microsoft.IdentityModel.Tokens": {
        "type": "Transitive",
        "resolved": "8.0.2",
        "contentHash": "X58KyDBpGJZcCfmSgbkxJLLxd04eMFVaJlMEbRCyWL1X44n6kMxRyK6UTS1zgi5DHikeyiZj8bi7+p0kfPepLg==",
        "dependencies": {
          "Microsoft.IdentityModel.Logging": "8.0.2"
        }
      },
      "Microsoft.IdentityModel.Validators": {
        "type": "Transitive",
        "resolved": "8.0.2",
        "contentHash": "1uTRGf1EWyWRihAg7ZmzQ+T6bkzJcpZIm3xa85F//1cUFyD+nyxixhhnBQ0LjW17i/vLvANeDVPHCPh0xk006w==",
        "dependencies": {
          "Microsoft.IdentityModel.Protocols": "8.0.2",
          "Microsoft.IdentityModel.Protocols.OpenIdConnect": "8.0.2",
          "Microsoft.IdentityModel.Tokens": "8.0.2",
          "System.IdentityModel.Tokens.Jwt": "8.0.2"
        }
      },
      "Microsoft.Kiota.Abstractions": {
        "type": "Transitive",
        "resolved": "1.14.0",
        "contentHash": "So3FWhqba6gvRpXMKGK826mNuQjh699Zxoui5AvUMJ9KA1LNnqFIxJ2cx2dqdb0FcMHJ+FZCrNQbMg1XqvCVBQ==",
        "dependencies": {
          "Std.UriTemplate": "2.0.0"
        }
      },
      "Microsoft.Kiota.Authentication.Azure": {
        "type": "Transitive",
        "resolved": "1.14.0",
        "contentHash": "kjJBHbP6kJRwMacHqJhEHSgIN9ur5JDRlLj7sYUdZdysngb3uS+qOZIqVIOtcnrSJ8ZUsHy3bdfAVkdnuEpg8A==",
        "dependencies": {
          "Azure.Core": "1.44.1",
          "Microsoft.Kiota.Abstractions": "1.14.0"
        }
      },
      "Microsoft.Kiota.Http.HttpClientLibrary": {
        "type": "Transitive",
        "resolved": "1.14.0",
        "contentHash": "4ngpgjtCVXvBo2GAegJLVW4Bn8TyH5MD3gu0Se5/vMwFnpqzEaibIX1xMzKQiZJWWaormZA+Z4wl1/wxTBteTw==",
        "dependencies": {
          "Microsoft.Kiota.Abstractions": "1.14.0"
        }
      },
      "Microsoft.Kiota.Serialization.Form": {
        "type": "Transitive",
        "resolved": "1.14.0",
        "contentHash": "aueCKgh+lby9QzEkYCtZpzP4OUL/AAZ43O3A7v0EQjTCsNYo3sYnz5a5Rtz/Hjyd26xN5x2TilWPfgFg+X0QiA==",
        "dependencies": {
          "Microsoft.Kiota.Abstractions": "1.14.0"
        }
      },
      "Microsoft.Kiota.Serialization.Json": {
        "type": "Transitive",
        "resolved": "1.14.0",
        "contentHash": "oGt74kVtlIooh2KiBf9GGi9dUYz/xWkStxd/oawS0mxqSNm/eiNcwFNU3odUDxKfKjF9+zPJxDzkEE0rILus8w==",
        "dependencies": {
          "Microsoft.Kiota.Abstractions": "1.14.0"
        }
      },
      "Microsoft.Kiota.Serialization.Multipart": {
        "type": "Transitive",
        "resolved": "1.14.0",
        "contentHash": "gzciQfs3v4h0TZcmeXjaIf+j+MGw+frXuXvGkrWP4BlJOv4NmVT614rmvfEWAUfDnVwfn3FP1ghEodHb1RI7vw==",
        "dependencies": {
          "Microsoft.Kiota.Abstractions": "1.14.0"
        }
      },
      "Microsoft.Kiota.Serialization.Text": {
        "type": "Transitive",
        "resolved": "1.14.0",
        "contentHash": "Q7AMnooas6aG55mBENwU2Wz9Ey1fwN3DfrzNlR2iUolalMftLtXGZeNY7gSYEBtCOo65OEhmSszrOlxNkFD92w==",
        "dependencies": {
          "Microsoft.Kiota.Abstractions": "1.14.0"
        }
      },
      "Microsoft.TestPlatform.ObjectModel": {
        "type": "Transitive",
        "resolved": "17.11.0",
        "contentHash": "PU+CC1yRzbR0IllrtdILaeep7WP5OIrvmWrvCMqG3jB1h4F6Ur7CYHl6ENbDVXPzEvygXh0GWbTyrbjfvgTpAg==",
        "dependencies": {
          "System.Reflection.Metadata": "1.6.0"
        }
      },
      "Microsoft.TestPlatform.TestHost": {
        "type": "Transitive",
        "resolved": "17.11.0",
        "contentHash": "KMzJO3dm3+9W8JRQ3IDviu0v7uXP5Lgii6TuxMc5m8ynaqcGnn7Y18cMb5AsP2xp59uUHO474WZrssxBdb8ZxQ==",
        "dependencies": {
          "Microsoft.TestPlatform.ObjectModel": "17.11.0",
          "Newtonsoft.Json": "13.0.1"
        }
      },
      "Newtonsoft.Json": {
        "type": "Transitive",
        "resolved": "13.0.1",
        "contentHash": "ppPFpBcvxdsfUonNcvITKqLl3bqxWbDCZIzDWHzjpdAHRFfZe0Dw9HmA0+za13IdyrgJwpkDTDA9fHaxOrt20A=="
      },
      "OpenMcdf": {
        "type": "Transitive",
        "resolved": "2.3.1",
        "contentHash": "2Otbtp5FsIkdtWn4904oftoyOigllM/Auz2V7qIpxNaK+MC1C2ENjNXL3/ZdKWFLOs24/Bi/lYOE254C7s3Pgw=="
      },
      "Riok.Mapperly": {
        "type": "Transitive",
        "resolved": "3.6.0",
        "contentHash": "eQkT3evicd5fdb8HgAJjJ+uvbhfA76ozZZsBtounFrOvk0mj+9tozv1hCYV0f0cTmXIZsxtU93FMWPzd76wSaw=="
      },
      "Std.UriTemplate": {
        "type": "Transitive",
        "resolved": "2.0.0",
        "contentHash": "GNBep1IBAGlVG3TUs1ZZ+1H9jgsw1ojBF6u34o8hpZC/YSTJCzCu4uYGU76a8SvhC8Q8baGqnmwJjHdxsVSUyg=="
      },
      "SvRooij.ContentPrep": {
        "type": "Transitive",
        "resolved": "0.2.2",
        "contentHash": "U76+iUs+6ITR/kXNW5ylZj87yQ4UPmqUOConek8Tus16/lfwLNbItGPed8P/wbj/+517FU0pGyFUQiedY4mSfA==",
        "dependencies": {
          "Microsoft.Extensions.Logging.Abstractions": "8.0.0"
        }
      },
      "System.ClientModel": {
        "type": "Transitive",
        "resolved": "1.1.0",
        "contentHash": "UocOlCkxLZrG2CKMAAImPcldJTxeesHnHGHwhJ0pNlZEvEXcWKuQvVOER2/NiOkJGRJk978SNdw3j6/7O9H1lg==",
        "dependencies": {
          "System.Memory.Data": "1.0.2",
          "System.Text.Json": "6.0.9"
        }
      },
      "System.Diagnostics.DiagnosticSource": {
        "type": "Transitive",
        "resolved": "6.0.1",
        "contentHash": "KiLYDu2k2J82Q9BJpWiuQqCkFjRBWVq4jDzKKWawVi9KWzyD0XG3cmfX0vqTQlL14Wi9EufJrbL0+KCLTbqWiQ==",
        "dependencies": {
          "System.Runtime.CompilerServices.Unsafe": "6.0.0"
        }
      },
      "System.Diagnostics.EventLog": {
        "type": "Transitive",
        "resolved": "6.0.0",
        "contentHash": "lcyUiXTsETK2ALsZrX+nWuHSIQeazhqPphLfaRxzdGaG93+0kELqpgEHtwWOlQe7+jSFnKwaCAgL4kjeZCQJnw=="
      },
      "System.IdentityModel.Tokens.Jwt": {
        "type": "Transitive",
        "resolved": "8.0.2",
        "contentHash": "jbfANr2qEmrfEtK3L7tOnkCW5/y2YiF6ISSRhRBgIZL+W2ZbEVHFNTNV8QOKeNU6gedQnhpdU2IvB0YB3nNMjw==",
        "dependencies": {
          "Microsoft.IdentityModel.JsonWebTokens": "8.0.2",
          "Microsoft.IdentityModel.Tokens": "8.0.2"
        }
      },
      "System.Memory.Data": {
        "type": "Transitive",
        "resolved": "6.0.0",
        "contentHash": "ntFHArH3I4Lpjf5m4DCXQHJuGwWPNVJPaAvM95Jy/u+2Yzt2ryiyIN04LAogkjP9DeRcEOiviAjQotfmPq/FrQ==",
        "dependencies": {
          "System.Text.Json": "6.0.0"
        }
      },
      "System.Numerics.Vectors": {
        "type": "Transitive",
        "resolved": "4.5.0",
        "contentHash": "QQTlPTl06J/iiDbJCiepZ4H//BVraReU4O4EoRw1U02H5TLUIT7xn3GnDp9AXPSlJUDyFs4uWjWafNX6WrAojQ=="
      },
      "System.Reflection.Metadata": {
        "type": "Transitive",
        "resolved": "1.6.0",
        "contentHash": "COC1aiAJjCoA5GBF+QKL2uLqEBew4JsCkQmoHKbN3TlOZKa2fKLz5CpiRQKDz0RsAOEGsVKqOD5bomsXq/4STQ=="
      },
      "System.Runtime.CompilerServices.Unsafe": {
        "type": "Transitive",
        "resolved": "6.0.0",
        "contentHash": "/iUeP3tq1S0XdNNoMz5C9twLSrM/TH+qElHkXWaPvuNOt+99G75NrV0OS2EqHx5wMN7popYjpc8oTjC1y16DLg=="
      },
      "System.Security.Cryptography.ProtectedData": {
        "type": "Transitive",
        "resolved": "4.5.0",
        "contentHash": "wLBKzFnDCxP12VL9ANydSYhk59fC4cvOr9ypYQLPnAj48NQIhqnjdD2yhP8yEKyBJEjERWS9DisKL7rX5eU25Q=="
      },
      "System.Text.Encodings.Web": {
        "type": "Transitive",
        "resolved": "6.0.0",
        "contentHash": "Vg8eB5Tawm1IFqj4TVK1czJX89rhFxJo9ELqc/Eiq0eXy13RK00eubyU6TJE6y+GQXjyV5gSfiewDUZjQgSE0w==",
        "dependencies": {
          "System.Runtime.CompilerServices.Unsafe": "6.0.0"
        }
      },
      "System.Text.Json": {
        "type": "Transitive",
        "resolved": "8.0.5",
        "contentHash": "0f1B50Ss7rqxXiaBJyzUu9bWFOO2/zSlifZ/UNMdiIpDYe4cY4LQQicP4nirK1OS31I43rn062UIJ1Q9bpmHpg=="
      },
      "System.Threading.Tasks.Extensions": {
        "type": "Transitive",
        "resolved": "4.5.4",
        "contentHash": "zteT+G8xuGu6mS+mzDzYXbzS7rd3K6Fjb9RiZlYlJPam2/hU7JCBZBVEcywNuR+oZ1ncTvc/cq0faRr3P01OVg=="
      },
      "xunit.abstractions": {
        "type": "Transitive",
        "resolved": "2.0.3",
        "contentHash": "pot1I4YOxlWjIb5jmwvvQNbTrZ3lJQ+jUGkGjWE3hEFM0l5gOnBWS+H3qsex68s5cO52g+44vpGzhAt+42vwKg=="
      },
      "xunit.analyzers": {
        "type": "Transitive",
        "resolved": "1.16.0",
        "contentHash": "hptYM7vGr46GUIgZt21YHO4rfuBAQS2eINbFo16CV/Dqq+24Tp+P5gDCACu1AbFfW4Sp/WRfDPSK8fmUUb8s0Q=="
      },
      "xunit.assert": {
        "type": "Transitive",
        "resolved": "2.9.2",
        "contentHash": "QkNBAQG4pa66cholm28AxijBjrmki98/vsEh4Sx5iplzotvPgpiotcxqJQMRC8d7RV7nIT8ozh97957hDnZwsQ=="
      },
      "xunit.core": {
        "type": "Transitive",
        "resolved": "2.9.2",
        "contentHash": "O6RrNSdmZ0xgEn5kT927PNwog5vxTtKrWMihhhrT0Sg9jQ7iBDciYOwzBgP2krBEk5/GBXI18R1lKvmnxGcb4w==",
        "dependencies": {
          "xunit.extensibility.core": "[2.9.2]",
          "xunit.extensibility.execution": "[2.9.2]"
        }
      },
      "xunit.extensibility.core": {
        "type": "Transitive",
        "resolved": "2.9.2",
        "contentHash": "Ol+KlBJz1x8BrdnhN2DeOuLrr1I/cTwtHCggL9BvYqFuVd/TUSzxNT5O0NxCIXth30bsKxgMfdqLTcORtM52yQ==",
        "dependencies": {
          "xunit.abstractions": "2.0.3"
        }
      },
      "xunit.extensibility.execution": {
        "type": "Transitive",
        "resolved": "2.9.2",
        "contentHash": "rKMpq4GsIUIJibXuZoZ8lYp5EpROlnYaRpwu9Zr0sRZXE7JqJfEEbCsUriZqB+ByXCLFBJyjkTRULMdC+U566g==",
        "dependencies": {
          "xunit.extensibility.core": "[2.9.2]"
        }
      },
      "YamlDotNet": {
        "type": "Transitive",
        "resolved": "16.0.0",
        "contentHash": "kZ4jR5ltFhnjaUqK9x81zXRIUTH4PTXTTEmJDNQdkDLQhcv+2Nl19r0dCSvPW1mstOYBfXTnjdieRbUO6gHMDw=="
      },
      "winget.communityrepository": {
        "type": "Project",
        "dependencies": {
          "Microsoft.Extensions.Logging.Abstractions": "[8.0.2, )",
          "YamlDotNet": "[16.0.0, )"
        }
      },
      "wingetintune": {
        "type": "Project",
        "dependencies": {
          "Azure.Core": "[1.44.1, )",
          "Microsoft.Bcl.AsyncInterfaces": "[8.0.0, )",
          "Microsoft.CSharp": "[4.7.0, )",
          "Microsoft.Extensions.Http": "[8.0.1, )",
          "Microsoft.Extensions.Logging.Abstractions": "[8.0.2, )",
          "Microsoft.Extensions.Options": "[8.0.2, )",
          "Microsoft.Graph.Beta": "[5.78.0-preview, )",
          "Microsoft.Graph.Core": "[3.2.0, )",
          "Microsoft.Identity.Client.Broker": "[4.66.2, )",
          "Microsoft.Identity.Client.Extensions.Msal": "[4.66.2, )",
          "OpenMcdf": "[2.3.1, 2.3.1]",
          "Riok.Mapperly": "[3.6.0, )",
          "SvRooij.ContentPrep": "[0.2.2, )",
          "System.IdentityModel.Tokens.Jwt": "[8.0.2, )",
          "WinTuner.Proxy.Client": "[1.0.0, )",
          "Winget.CommunityRepository": "[1.0.0, )"
        }
      },
      "wintuner.proxy.client": {
        "type": "Project",
        "dependencies": {
          "Microsoft.Extensions.Http": "[8.0.1, )",
          "Microsoft.Kiota.Abstractions": "[1.14.0, )",
          "Microsoft.Kiota.Http.HttpClientLibrary": "[1.14.0, )",
          "Microsoft.Kiota.Serialization.Json": "[1.14.0, )",
          "System.Text.Json": "[8.0.5, )"
        }
      }
    }
  }
}