{
  "version": 1,
  "dependencies": {
    "net8.0": {
      "Azure.Identity": {
        "type": "Direct",
        "requested": "[1.13.1, )",
        "resolved": "1.13.1",
        "contentHash": "4eeK9XztjTmvA4WN+qAvlUCSxSv45+LqTMeC8XT2giGGZHKthTMU2IuXcHjAOf5VLH3wE3Bo6EwhIcJxVB8RmQ==",
        "dependencies": {
          "Azure.Core": "1.44.1",
          "Microsoft.Identity.Client": "4.66.1",
          "Microsoft.Identity.Client.Extensions.Msal": "4.66.1",
          "System.Memory": "4.5.5",
          "System.Text.Json": "6.0.10",
          "System.Threading.Tasks.Extensions": "4.5.4"
        }
      },
      "ConsoleTables": {
        "type": "Direct",
        "requested": "[2.6.1, )",
        "resolved": "2.6.1",
        "contentHash": "TyU885plpk88kMxgayy5+QQvtt/t3ZR45+vSvaKqZiaK+YsGVE6Mv7sV3fwjUMv3jHT15DdkpxW/+o+uc+bAJQ=="
      },
      "Microsoft.Extensions.Caching.Memory": {
        "type": "Direct",
        "requested": "[8.0.1, )",
        "resolved": "8.0.1",
        "contentHash": "HFDnhYLccngrzyGgHkjEDU5FMLn4MpOsr5ElgsBMC4yx6lJh4jeWO7fHS8+TXPq+dgxCmUa/Trl8svObmwW4QA==",
        "dependencies": {
          "Microsoft.Extensions.Caching.Abstractions": "8.0.0",
          "Microsoft.Extensions.DependencyInjection.Abstractions": "8.0.2",
          "Microsoft.Extensions.Logging.Abstractions": "8.0.2",
          "Microsoft.Extensions.Options": "8.0.2",
          "Microsoft.Extensions.Primitives": "8.0.0"
        }
      },
      "System.CommandLine": {
        "type": "Direct",
        "requested": "[2.0.0-beta4.22272.1, )",
        "resolved": "2.0.0-beta4.22272.1",
        "contentHash": "1uqED/q2H0kKoLJ4+hI2iPSBSEdTuhfCYADeJrAqERmiGQ2NNacYKRNEQ+gFbU4glgVyK8rxI+ZOe1onEtr/Pg=="
      },
      "System.CommandLine.Hosting": {
        "type": "Direct",
        "requested": "[0.4.0-alpha.22272.1, )",
        "resolved": "0.4.0-alpha.22272.1",
        "contentHash": "x9JhHxBLxlKyCIZADFYC8q16L9yGHdTakrLFjHabwR7Tk0761aTexiGgMTIS744HGuhc8pk9MoLUzsr/TlRfMQ==",
        "dependencies": {
          "Microsoft.Extensions.Hosting": "6.0.0",
          "System.CommandLine": "2.0.0-beta4.22272.1",
          "System.CommandLine.NamingConventionBinder": "2.0.0-beta4.22272.1"
        }
      },
      "Azure.Core": {
        "type": "Transitive",
        "resolved": "1.44.1",
        "contentHash": "YyznXLQZCregzHvioip07/BkzjuWNXogJEVz9T5W6TwjNr17ax41YGzYMptlo2G10oLCuVPoyva62y0SIRDixg==",
        "dependencies": {
          "Microsoft.Bcl.AsyncInterfaces": "6.0.0",
          "System.ClientModel": "1.1.0",
          "System.Diagnostics.DiagnosticSource": "6.0.1",
          "System.Memory.Data": "6.0.0",
          "System.Numerics.Vectors": "4.5.0",
          "System.Text.Encodings.Web": "6.0.0",
          "System.Text.Json": "6.0.10",
          "System.Threading.Tasks.Extensions": "4.5.4"
        }
      },
      "Microsoft.Bcl.AsyncInterfaces": {
        "type": "Transitive",
        "resolved": "8.0.0",
        "contentHash": "3WA9q9yVqJp222P3x1wYIGDAkpjAku0TMUaaQV22g6L67AI0LdOIrVS7Ht2vJfLHGSPVuqN94vIr15qn+HEkHw=="
      },
      "Microsoft.CSharp": {
        "type": "Transitive",
        "resolved": "4.7.0",
        "contentHash": "pTj+D3uJWyN3My70i2Hqo+OXixq3Os2D1nJ2x92FFo6sk8fYS1m1WLNTs0Dc1uPaViH0YvEEwvzddQ7y4rhXmA=="
      },
      "Microsoft.Data.Sqlite.Core": {
        "type": "Transitive",
        "resolved": "8.0.4",
        "contentHash": "x5FE5m1h31UIDEk0j3r38HtYvsa0fxd5jXzvE/SARI7LecXt/jm4z2SUl6TEoJGQOo9Ow2wg3a0MU2E1TVVAdA==",
        "dependencies": {
          "SQLitePCLRaw.core": "2.1.6"
        }
      },
      "Microsoft.EntityFrameworkCore": {
        "type": "Transitive",
        "resolved": "8.0.4",
        "contentHash": "/kyu9pXuxQvhg8RO/oN5Q5Og7cDIVvZtrt1z48rX7Yido+zEGkUkp3/Bjd9u45N2uuPPF8mn2pKDlAewCvv3/Q==",
        "dependencies": {
          "Microsoft.EntityFrameworkCore.Abstractions": "8.0.4",
          "Microsoft.EntityFrameworkCore.Analyzers": "8.0.4",
          "Microsoft.Extensions.Caching.Memory": "8.0.0",
          "Microsoft.Extensions.Logging": "8.0.0"
        }
      },
      "Microsoft.EntityFrameworkCore.Abstractions": {
        "type": "Transitive",
        "resolved": "8.0.4",
        "contentHash": "S50pjtPNOvRktacaO6UAhvGCPMT56wxqEq8fQfcjaSUySPGba6mKWo6ackw6DdeAR1cA6U+U0uj27warA2KtJA=="
      },
      "Microsoft.EntityFrameworkCore.Analyzers": {
        "type": "Transitive",
        "resolved": "8.0.4",
        "contentHash": "P8hfMZECdbgle4Us8HGRUKAjqVwgbtr5JqtCxqEoiVORrNQAmcpu3g1NKwTAoUsO9Z0QRgExtYoAmdggR/DkMQ=="
      },
      "Microsoft.EntityFrameworkCore.Relational": {
        "type": "Transitive",
        "resolved": "8.0.4",
        "contentHash": "aWLT6e9a8oMzXgF0YQpYYa3mDeU+yb2UQSQ+RrIgyGgSpzPfSKgpA7v2kOVDuZr2AQ6NNAlWPaBG7wZuKQI96w==",
        "dependencies": {
          "Microsoft.EntityFrameworkCore": "8.0.4",
          "Microsoft.Extensions.Configuration.Abstractions": "8.0.0"
        }
      },
      "Microsoft.EntityFrameworkCore.Sqlite": {
        "type": "Transitive",
        "resolved": "8.0.4",
        "contentHash": "7y0Z7y1SwBNswxlNY9zduqk5I0+pWWzYIFhtJtvo55RcfomIQDmOODG/s5+iOxv0JoVHjFOgAc8AMI3DwAaoig==",
        "dependencies": {
          "Microsoft.EntityFrameworkCore.Sqlite.Core": "8.0.4",
          "SQLitePCLRaw.bundle_e_sqlite3": "2.1.6"
        }
      },
      "Microsoft.EntityFrameworkCore.Sqlite.Core": {
        "type": "Transitive",
        "resolved": "8.0.4",
        "contentHash": "4XCrL6vdFQSXZY6b89cXvjYNvTKP5azMvgacI2XE+B0D7Lg3zYSjmfLZYWfR3j3izx5X8xCTkHZnaRHHfHcv+w==",
        "dependencies": {
          "Microsoft.Data.Sqlite.Core": "8.0.4",
          "Microsoft.EntityFrameworkCore.Relational": "8.0.4",
          "Microsoft.Extensions.DependencyModel": "8.0.0"
        }
      },
      "Microsoft.Extensions.Caching.Abstractions": {
        "type": "Transitive",
        "resolved": "8.0.0",
        "contentHash": "3KuSxeHoNYdxVYfg2IRZCThcrlJ1XJqIXkAWikCsbm5C/bCjv7G0WoKDyuR98Q+T607QT2Zl5GsbGRkENcV2yQ==",
        "dependencies": {
          "Microsoft.Extensions.Primitives": "8.0.0"
        }
      },
      "Microsoft.Extensions.Configuration": {
        "type": "Transitive",
        "resolved": "8.0.0",
        "contentHash": "0J/9YNXTMWSZP2p2+nvl8p71zpSwokZXZuJW+VjdErkegAnFdO1XlqtA62SJtgVYHdKu3uPxJHcMR/r35HwFBA==",
        "dependencies": {
          "Microsoft.Extensions.Configuration.Abstractions": "8.0.0",
          "Microsoft.Extensions.Primitives": "8.0.0"
        }
      },
      "Microsoft.Extensions.Configuration.Abstractions": {
        "type": "Transitive",
        "resolved": "8.0.0",
        "contentHash": "3lE/iLSutpgX1CC0NOW70FJoGARRHbyKmG7dc0klnUZ9Dd9hS6N/POPWhKhMLCEuNN5nXEY5agmlFtH562vqhQ==",
        "dependencies": {
          "Microsoft.Extensions.Primitives": "8.0.0"
        }
      },
      "Microsoft.Extensions.Configuration.Binder": {
        "type": "Transitive",
        "resolved": "8.0.0",
        "contentHash": "mBMoXLsr5s1y2zOHWmKsE9veDcx8h1x/c3rz4baEdQKTeDcmQAPNbB54Pi/lhFO3K431eEq6PFbMgLaa6PHFfA==",
        "dependencies": {
          "Microsoft.Extensions.Configuration.Abstractions": "8.0.0"
        }
      },
      "Microsoft.Extensions.Configuration.CommandLine": {
        "type": "Transitive",
        "resolved": "6.0.0",
        "contentHash": "3nL1qCkZ1Oxx14ZTzgo4MmlO7tso7F+TtMZAY2jUAtTLyAcDp+EDjk3RqafoKiNaePyPvvlleEcBxh3b2Hzl1g==",
        "dependencies": {
          "Microsoft.Extensions.Configuration": "6.0.0",
          "Microsoft.Extensions.Configuration.Abstractions": "6.0.0"
        }
      },
      "Microsoft.Extensions.Configuration.EnvironmentVariables": {
        "type": "Transitive",
        "resolved": "6.0.0",
        "contentHash": "DjYkzqvhiHCq38LW71PcIxXk6nhtV6VySP9yDcSO0goPl7YCU1VG1f2Wbgy58lkA10pWkjHCblZPUyboCB93ZA==",
        "dependencies": {
          "Microsoft.Extensions.Configuration": "6.0.0",
          "Microsoft.Extensions.Configuration.Abstractions": "6.0.0"
        }
      },
      "Microsoft.Extensions.Configuration.FileExtensions": {
        "type": "Transitive",
        "resolved": "6.0.0",
        "contentHash": "V4Dth2cYMZpw3HhGw9XUDIijpI6gN+22LDt0AhufIgOppCUfpWX4483OmN+dFXRJkJLc8Tv0Q8QK+1ingT2+KQ==",
        "dependencies": {
          "Microsoft.Extensions.Configuration": "6.0.0",
          "Microsoft.Extensions.Configuration.Abstractions": "6.0.0",
          "Microsoft.Extensions.FileProviders.Abstractions": "6.0.0",
          "Microsoft.Extensions.FileProviders.Physical": "6.0.0",
          "Microsoft.Extensions.Primitives": "6.0.0"
        }
      },
      "Microsoft.Extensions.Configuration.Json": {
        "type": "Transitive",
        "resolved": "6.0.0",
        "contentHash": "GJGery6QytCzS/BxJ96klgG9in3uH26KcUBbiVG/coNDXCRq6LGVVlUT4vXq34KPuM+R2av+LeYdX9h4IZOCUg==",
        "dependencies": {
          "Microsoft.Extensions.Configuration": "6.0.0",
          "Microsoft.Extensions.Configuration.Abstractions": "6.0.0",
          "Microsoft.Extensions.Configuration.FileExtensions": "6.0.0",
          "Microsoft.Extensions.FileProviders.Abstractions": "6.0.0",
          "System.Text.Json": "6.0.0"
        }
      },
      "Microsoft.Extensions.Configuration.UserSecrets": {
        "type": "Transitive",
        "resolved": "6.0.0",
        "contentHash": "lB0Hb2V4+RUHy+LjEcqEr4EcV4RWc9EnjAV2GdtWQEdljQX+R4hGREftI7sInU9okP93pDrJiaj6QUJ6ZsslOA==",
        "dependencies": {
          "Microsoft.Extensions.Configuration.Abstractions": "6.0.0",
          "Microsoft.Extensions.Configuration.Json": "6.0.0",
          "Microsoft.Extensions.FileProviders.Abstractions": "6.0.0",
          "Microsoft.Extensions.FileProviders.Physical": "6.0.0"
        }
      },
      "Microsoft.Extensions.DependencyInjection": {
        "type": "Transitive",
        "resolved": "8.0.1",
        "contentHash": "BmANAnR5Xd4Oqw7yQ75xOAYODybZQRzdeNucg7kS5wWKd2PNnMdYtJ2Vciy0QLylRmv42DGl5+AFL9izA6F1Rw==",
        "dependencies": {
          "Microsoft.Extensions.DependencyInjection.Abstractions": "8.0.2"
        }
      },
      "Microsoft.Extensions.DependencyInjection.Abstractions": {
        "type": "Transitive",
        "resolved": "8.0.2",
        "contentHash": "3iE7UF7MQkCv1cxzCahz+Y/guQbTqieyxyaWKhrRO91itI9cOKO76OHeQDahqG4MmW5umr3CcCvGmK92lWNlbg=="
      },
      "Microsoft.Extensions.DependencyModel": {
        "type": "Transitive",
        "resolved": "8.0.0",
        "contentHash": "NSmDw3K0ozNDgShSIpsZcbFIzBX4w28nDag+TfaQujkXGazBm+lid5onlWoCBy4VsLxqnnKjEBbGSJVWJMf43g==",
        "dependencies": {
          "System.Text.Encodings.Web": "8.0.0",
          "System.Text.Json": "8.0.0"
        }
      },
      "Microsoft.Extensions.Diagnostics": {
        "type": "Transitive",
        "resolved": "8.0.1",
        "contentHash": "doVPCUUCY7c6LhBsEfiy3W1bvS7Mi6LkfQMS8nlC22jZWNxBv8VO8bdfeyvpYFst6Kxqk7HBC6lytmEoBssvSQ==",
        "dependencies": {
          "Microsoft.Extensions.Configuration": "8.0.0",
          "Microsoft.Extensions.Diagnostics.Abstractions": "8.0.1",
          "Microsoft.Extensions.Options.ConfigurationExtensions": "8.0.0"
        }
      },
      "Microsoft.Extensions.Diagnostics.Abstractions": {
        "type": "Transitive",
        "resolved": "8.0.1",
        "contentHash": "elH2vmwNmsXuKmUeMQ4YW9ldXiF+gSGDgg1vORksob5POnpaI6caj1Hu8zaYbEuibhqCoWg0YRWDazBY3zjBfg==",
        "dependencies": {
          "Microsoft.Extensions.DependencyInjection.Abstractions": "8.0.2",
          "Microsoft.Extensions.Options": "8.0.2"
        }
      },
      "Microsoft.Extensions.FileProviders.Abstractions": {
        "type": "Transitive",
        "resolved": "6.0.0",
        "contentHash": "0pd4/fho0gC12rQswaGQxbU34jOS1TPS8lZPpkFCH68ppQjHNHYle9iRuHeev1LhrJ94YPvzcRd8UmIuFk23Qw==",
        "dependencies": {
          "Microsoft.Extensions.Primitives": "6.0.0"
        }
      },
      "Microsoft.Extensions.FileProviders.Physical": {
        "type": "Transitive",
        "resolved": "6.0.0",
        "contentHash": "QvkL7l0nM8udt3gfyu0Vw8bbCXblxaKOl7c2oBfgGy4LCURRaL9XWZX1FWJrQc43oMokVneVxH38iz+bY1sbhg==",
        "dependencies": {
          "Microsoft.Extensions.FileProviders.Abstractions": "6.0.0",
          "Microsoft.Extensions.FileSystemGlobbing": "6.0.0",
          "Microsoft.Extensions.Primitives": "6.0.0"
        }
      },
      "Microsoft.Extensions.FileSystemGlobbing": {
        "type": "Transitive",
        "resolved": "6.0.0",
        "contentHash": "ip8jnL1aPiaPeKINCqaTEbvBFDmVx9dXQEBZ2HOBRXPD1eabGNqP/bKlsIcp7U2lGxiXd5xIhoFcmY8nM4Hdiw=="
      },
      "Microsoft.Extensions.Hosting": {
        "type": "Transitive",
        "resolved": "6.0.0",
        "contentHash": "M8VzD0ni5VarIRT8njnwK4K2WSAo0kZH4Zc3mKcSGkP4CjDZ91T9ZEFmmwhmo4z7x8AFq+tW0WFi9wX+K2cxkQ==",
        "dependencies": {
          "Microsoft.Extensions.Configuration": "6.0.0",
          "Microsoft.Extensions.Configuration.Abstractions": "6.0.0",
          "Microsoft.Extensions.Configuration.Binder": "6.0.0",
          "Microsoft.Extensions.Configuration.CommandLine": "6.0.0",
          "Microsoft.Extensions.Configuration.EnvironmentVariables": "6.0.0",
          "Microsoft.Extensions.Configuration.FileExtensions": "6.0.0",
          "Microsoft.Extensions.Configuration.Json": "6.0.0",
          "Microsoft.Extensions.Configuration.UserSecrets": "6.0.0",
          "Microsoft.Extensions.DependencyInjection": "6.0.0",
          "Microsoft.Extensions.DependencyInjection.Abstractions": "6.0.0",
          "Microsoft.Extensions.FileProviders.Abstractions": "6.0.0",
          "Microsoft.Extensions.FileProviders.Physical": "6.0.0",
          "Microsoft.Extensions.Hosting.Abstractions": "6.0.0",
          "Microsoft.Extensions.Logging": "6.0.0",
          "Microsoft.Extensions.Logging.Abstractions": "6.0.0",
          "Microsoft.Extensions.Logging.Configuration": "6.0.0",
          "Microsoft.Extensions.Logging.Console": "6.0.0",
          "Microsoft.Extensions.Logging.Debug": "6.0.0",
          "Microsoft.Extensions.Logging.EventLog": "6.0.0",
          "Microsoft.Extensions.Logging.EventSource": "6.0.0",
          "Microsoft.Extensions.Options": "6.0.0"
        }
      },
      "Microsoft.Extensions.Hosting.Abstractions": {
        "type": "Transitive",
        "resolved": "6.0.0",
        "contentHash": "GcT5l2CYXL6Sa27KCSh0TixsRfADUgth+ojQSD5EkzisZxmGFh7CwzkcYuGwvmXLjr27uWRNrJ2vuuEjMhU05Q==",
        "dependencies": {
          "Microsoft.Extensions.Configuration.Abstractions": "6.0.0",
          "Microsoft.Extensions.DependencyInjection.Abstractions": "6.0.0",
          "Microsoft.Extensions.FileProviders.Abstractions": "6.0.0"
        }
      },
      "Microsoft.Extensions.Http": {
        "type": "Transitive",
        "resolved": "8.0.1",
        "contentHash": "kDYeKJUzh0qeg/AI+nSr3ffthmXYQTEb0nS9qRC7YhSbbuN4M4NPbaB77AJwtkTnCV9XZ7qYj3dkZaNcyl73EA==",
        "dependencies": {
          "Microsoft.Extensions.Configuration.Abstractions": "8.0.0",
          "Microsoft.Extensions.DependencyInjection.Abstractions": "8.0.2",
          "Microsoft.Extensions.Diagnostics": "8.0.1",
          "Microsoft.Extensions.Logging": "8.0.1",
          "Microsoft.Extensions.Logging.Abstractions": "8.0.2",
          "Microsoft.Extensions.Options": "8.0.2"
        }
      },
      "Microsoft.Extensions.Logging": {
        "type": "Transitive",
        "resolved": "8.0.1",
        "contentHash": "4x+pzsQEbqxhNf1QYRr5TDkLP9UsLT3A6MdRKDDEgrW7h1ljiEPgTNhKYUhNCCAaVpQECVQ+onA91PTPnIp6Lw==",
        "dependencies": {
          "Microsoft.Extensions.DependencyInjection": "8.0.1",
          "Microsoft.Extensions.Logging.Abstractions": "8.0.2",
          "Microsoft.Extensions.Options": "8.0.2"
        }
      },
      "Microsoft.Extensions.Logging.Abstractions": {
        "type": "Transitive",
        "resolved": "8.0.2",
        "contentHash": "nroMDjS7hNBPtkZqVBbSiQaQjWRDxITI8Y7XnDs97rqG3EbzVTNLZQf7bIeUJcaHOV8bca47s1Uxq94+2oGdxA==",
        "dependencies": {
          "Microsoft.Extensions.DependencyInjection.Abstractions": "8.0.2"
        }
      },
      "Microsoft.Extensions.Logging.Configuration": {
        "type": "Transitive",
        "resolved": "6.0.0",
        "contentHash": "ZDskjagmBAbv+K8rYW9VhjPplhbOE63xUD0DiuydZJwt15dRyoqicYklLd86zzeintUc7AptDkHn+YhhYkYo8A==",
        "dependencies": {
          "Microsoft.Extensions.Configuration": "6.0.0",
          "Microsoft.Extensions.Configuration.Abstractions": "6.0.0",
          "Microsoft.Extensions.Configuration.Binder": "6.0.0",
          "Microsoft.Extensions.DependencyInjection.Abstractions": "6.0.0",
          "Microsoft.Extensions.Logging": "6.0.0",
          "Microsoft.Extensions.Logging.Abstractions": "6.0.0",
          "Microsoft.Extensions.Options": "6.0.0",
          "Microsoft.Extensions.Options.ConfigurationExtensions": "6.0.0"
        }
      },
      "Microsoft.Extensions.Logging.Console": {
        "type": "Transitive",
        "resolved": "6.0.0",
        "contentHash": "gsqKzOEdsvq28QiXFxagmn1oRB9GeI5GgYCkoybZtQA0IUb7QPwf1WmN3AwJeNIsadTvIFQCiVK0OVIgKfOBGg==",
        "dependencies": {
          "Microsoft.Extensions.DependencyInjection.Abstractions": "6.0.0",
          "Microsoft.Extensions.Logging": "6.0.0",
          "Microsoft.Extensions.Logging.Abstractions": "6.0.0",
          "Microsoft.Extensions.Logging.Configuration": "6.0.0",
          "Microsoft.Extensions.Options": "6.0.0",
          "System.Text.Json": "6.0.0"
        }
      },
      "Microsoft.Extensions.Logging.Debug": {
        "type": "Transitive",
        "resolved": "6.0.0",
        "contentHash": "M9g/JixseSZATJE9tcMn9uzoD4+DbSglivFqVx8YkRJ7VVPmnvCEbOZ0AAaxsL1EKyI4cz07DXOOJExxNsUOHw==",
        "dependencies": {
          "Microsoft.Extensions.DependencyInjection.Abstractions": "6.0.0",
          "Microsoft.Extensions.Logging": "6.0.0",
          "Microsoft.Extensions.Logging.Abstractions": "6.0.0"
        }
      },
      "Microsoft.Extensions.Logging.EventLog": {
        "type": "Transitive",
        "resolved": "6.0.0",
        "contentHash": "rlo0RxlMd0WtLG3CHI0qOTp6fFn7MvQjlrCjucA31RqmiMFCZkF8CHNbe8O7tbBIyyoLGWB1he9CbaA5iyHthg==",
        "dependencies": {
          "Microsoft.Extensions.DependencyInjection.Abstractions": "6.0.0",
          "Microsoft.Extensions.Logging": "6.0.0",
          "Microsoft.Extensions.Logging.Abstractions": "6.0.0",
          "Microsoft.Extensions.Options": "6.0.0",
          "System.Diagnostics.EventLog": "6.0.0"
        }
      },
      "Microsoft.Extensions.Logging.EventSource": {
        "type": "Transitive",
        "resolved": "6.0.0",
        "contentHash": "BeDyyqt7nkm/nr+Gdk+L8n1tUT/u33VkbXAOesgYSNsxDM9hJ1NOBGoZfj9rCbeD2+9myElI6JOVVFmnzgeWQA==",
        "dependencies": {
          "Microsoft.Extensions.DependencyInjection.Abstractions": "6.0.0",
          "Microsoft.Extensions.Logging": "6.0.0",
          "Microsoft.Extensions.Logging.Abstractions": "6.0.0",
          "Microsoft.Extensions.Options": "6.0.0",
          "Microsoft.Extensions.Primitives": "6.0.0",
          "System.Runtime.CompilerServices.Unsafe": "6.0.0",
          "System.Text.Json": "6.0.0"
        }
      },
      "Microsoft.Extensions.Options": {
        "type": "Transitive",
        "resolved": "8.0.2",
        "contentHash": "dWGKvhFybsaZpGmzkGCbNNwBD1rVlWzrZKANLW/CcbFJpCEceMCGzT7zZwHOGBCbwM0SzBuceMj5HN1LKV1QqA==",
        "dependencies": {
          "Microsoft.Extensions.DependencyInjection.Abstractions": "8.0.0",
          "Microsoft.Extensions.Primitives": "8.0.0"
        }
      },
      "Microsoft.Extensions.Options.ConfigurationExtensions": {
        "type": "Transitive",
        "resolved": "8.0.0",
        "contentHash": "0f4DMRqEd50zQh+UyJc+/HiBsZ3vhAQALgdkcQEalSH1L2isdC7Yj54M3cyo5e+BeO5fcBQ7Dxly8XiBBcvRgw==",
        "dependencies": {
          "Microsoft.Extensions.Configuration.Abstractions": "8.0.0",
          "Microsoft.Extensions.Configuration.Binder": "8.0.0",
          "Microsoft.Extensions.DependencyInjection.Abstractions": "8.0.0",
          "Microsoft.Extensions.Options": "8.0.0",
          "Microsoft.Extensions.Primitives": "8.0.0"
        }
      },
      "Microsoft.Extensions.Primitives": {
        "type": "Transitive",
        "resolved": "8.0.0",
        "contentHash": "bXJEZrW9ny8vjMF1JV253WeLhpEVzFo1lyaZu1vQ4ZxWUlVvknZ/+ftFgVheLubb4eZPSwwxBeqS1JkCOjxd8g=="
      },
      "Microsoft.Graph.Beta": {
        "type": "Transitive",
        "resolved": "5.78.0-preview",
        "contentHash": "HD7wd1Tfmdtj8x0t2RohAjD9gNQxRP52id8hrY/L0EiXUj0/qG9OOKSccIfI3ATgrRZAYqKhedhbyNxO88txow==",
        "dependencies": {
          "Microsoft.Graph.Core": "3.1.12"
        }
      },
      "Microsoft.Graph.Core": {
        "type": "Transitive",
        "resolved": "3.2.0",
        "contentHash": "NlRqG6+1i2sE6AYJHBsAC9SiD1OMBonibiZUJgnWFujAeRAZR4lQ1gywf4B+y7YNa8xjxSHDm5hEmEdmcCt7UQ==",
        "dependencies": {
          "Microsoft.IdentityModel.Protocols.OpenIdConnect": "8.0.2",
          "Microsoft.IdentityModel.Validators": "8.0.2",
          "Microsoft.Kiota.Abstractions": "1.14.0",
          "Microsoft.Kiota.Authentication.Azure": "1.14.0",
          "Microsoft.Kiota.Http.HttpClientLibrary": "1.14.0",
          "Microsoft.Kiota.Serialization.Form": "1.14.0",
          "Microsoft.Kiota.Serialization.Json": "1.14.0",
          "Microsoft.Kiota.Serialization.Multipart": "1.14.0",
          "Microsoft.Kiota.Serialization.Text": "1.14.0"
        }
      },
      "Microsoft.Identity.Client": {
        "type": "Transitive",
        "resolved": "4.66.2",
        "contentHash": "OsWRWpJs5iY9DxAF7DfWRGVNeFhjz75x+/bpHKB9Hbnu3THUgqYfQrYeQMgwx30ctweiV7h00aQpEua2kLeUpg==",
        "dependencies": {
          "Microsoft.IdentityModel.Abstractions": "6.35.0",
          "System.Diagnostics.DiagnosticSource": "6.0.1"
        }
      },
      "Microsoft.Identity.Client.Broker": {
        "type": "Transitive",
        "resolved": "4.66.2",
        "contentHash": "KpvVCdtujXafUCh2tYUNEcRrrU93+og8KTCjC+gKuSlIFwp0emdvDTXm/hqYUxO+wsdJdaqlaFvUeWzmhYt56A==",
        "dependencies": {
          "Microsoft.Identity.Client": "4.66.2",
          "Microsoft.Identity.Client.NativeInterop": "0.16.2"
        }
      },
      "Microsoft.Identity.Client.Extensions.Msal": {
        "type": "Transitive",
        "resolved": "4.66.2",
        "contentHash": "ROTuFu8CTbENzCu0aan3n557EeakD4DKBXiK/ph+m9YNnwWdTfPTZMLSEmMzBorajYG3n7QGuang898AIcR+8w==",
        "dependencies": {
          "Microsoft.Identity.Client": "4.66.2",
          "System.Security.Cryptography.ProtectedData": "4.5.0"
        }
      },
      "Microsoft.Identity.Client.NativeInterop": {
        "type": "Transitive",
        "resolved": "0.16.2",
        "contentHash": "hBPb/EjS3PNN+5B3a3PzVHBGb/RWRKY+q+Ib0D40NtdiZekkIApdOcjuJa31h5gVQGuyEkBIi6/PiG1ioqncjQ=="
      },
      "Microsoft.IdentityModel.Abstractions": {
        "type": "Transitive",
        "resolved": "8.0.2",
        "contentHash": "m73Bun0l0jL8rceWZ9TMD4hwQCjDIaRT1s5RMN7TBDpXu8Ea8KcRndo45btW9gG0i/USmHLCmOBIITvTA4Y6PA=="
      },
      "Microsoft.IdentityModel.JsonWebTokens": {
        "type": "Transitive",
        "resolved": "8.0.2",
        "contentHash": "6CVWMfXrQPMUaqlsMfG8OjtyTIKvtgiQCFOJ2YhSZo1UDaAWweVN7jGSrz59Ez0Y8lh260WE5V2b0Oe9NlVlyw==",
        "dependencies": {
          "Microsoft.IdentityModel.Tokens": "8.0.2"
        }
      },
      "Microsoft.IdentityModel.Logging": {
        "type": "Transitive",
        "resolved": "8.0.2",
        "contentHash": "iKUyFKCQgc8rcEqyIJGLOIqqxemG7bgraqS9n5J6RPoZZH7dwxmJd3aFYmxXuAnfznJuaE1DQX5U46Cqvb+BOg==",
        "dependencies": {
          "Microsoft.IdentityModel.Abstractions": "8.0.2"
        }
      },
      "Microsoft.IdentityModel.Protocols": {
        "type": "Transitive",
        "resolved": "8.0.2",
        "contentHash": "l6W99hw88Kd+2m7N7WMzo/PxiHRI6TD8hsWs2XlbEs6BWgRtLAeyNlASst1QOznDvQa2kPl9nMpvgo5Hbo7gsQ==",
        "dependencies": {
          "Microsoft.IdentityModel.Tokens": "8.0.2"
        }
      },
      "Microsoft.IdentityModel.Protocols.OpenIdConnect": {
        "type": "Transitive",
        "resolved": "8.0.2",
        "contentHash": "1s4MqU31FWqZD5Lhcv4tOYq2P4q77eVHQJMnNCESaOwMaDAcx/FKUz9HlAngBfFNaIZj9KHQVtyXbIJXb/M8rw==",
        "dependencies": {
          "Microsoft.IdentityModel.Protocols": "8.0.2",
          "System.IdentityModel.Tokens.Jwt": "8.0.2"
        }
      },
      "Microsoft.IdentityModel.Tokens": {
        "type": "Transitive",
        "resolved": "8.0.2",
        "contentHash": "X58KyDBpGJZcCfmSgbkxJLLxd04eMFVaJlMEbRCyWL1X44n6kMxRyK6UTS1zgi5DHikeyiZj8bi7+p0kfPepLg==",
        "dependencies": {
          "Microsoft.IdentityModel.Logging": "8.0.2"
        }
      },
      "Microsoft.IdentityModel.Validators": {
        "type": "Transitive",
        "resolved": "8.0.2",
        "contentHash": "1uTRGf1EWyWRihAg7ZmzQ+T6bkzJcpZIm3xa85F//1cUFyD+nyxixhhnBQ0LjW17i/vLvANeDVPHCPh0xk006w==",
        "dependencies": {
          "Microsoft.IdentityModel.Protocols": "8.0.2",
          "Microsoft.IdentityModel.Protocols.OpenIdConnect": "8.0.2",
          "Microsoft.IdentityModel.Tokens": "8.0.2",
          "System.IdentityModel.Tokens.Jwt": "8.0.2"
        }
      },
      "Microsoft.Kiota.Abstractions": {
        "type": "Transitive",
        "resolved": "1.14.0",
        "contentHash": "So3FWhqba6gvRpXMKGK826mNuQjh699Zxoui5AvUMJ9KA1LNnqFIxJ2cx2dqdb0FcMHJ+FZCrNQbMg1XqvCVBQ==",
        "dependencies": {
          "Std.UriTemplate": "2.0.0"
        }
      },
      "Microsoft.Kiota.Authentication.Azure": {
        "type": "Transitive",
        "resolved": "1.14.0",
        "contentHash": "kjJBHbP6kJRwMacHqJhEHSgIN9ur5JDRlLj7sYUdZdysngb3uS+qOZIqVIOtcnrSJ8ZUsHy3bdfAVkdnuEpg8A==",
        "dependencies": {
          "Azure.Core": "1.44.1",
          "Microsoft.Kiota.Abstractions": "1.14.0"
        }
      },
      "Microsoft.Kiota.Http.HttpClientLibrary": {
        "type": "Transitive",
        "resolved": "1.14.0",
        "contentHash": "4ngpgjtCVXvBo2GAegJLVW4Bn8TyH5MD3gu0Se5/vMwFnpqzEaibIX1xMzKQiZJWWaormZA+Z4wl1/wxTBteTw==",
        "dependencies": {
          "Microsoft.Kiota.Abstractions": "1.14.0"
        }
      },
      "Microsoft.Kiota.Serialization.Form": {
        "type": "Transitive",
        "resolved": "1.14.0",
        "contentHash": "aueCKgh+lby9QzEkYCtZpzP4OUL/AAZ43O3A7v0EQjTCsNYo3sYnz5a5Rtz/Hjyd26xN5x2TilWPfgFg+X0QiA==",
        "dependencies": {
          "Microsoft.Kiota.Abstractions": "1.14.0"
        }
      },
      "Microsoft.Kiota.Serialization.Json": {
        "type": "Transitive",
        "resolved": "1.14.0",
        "contentHash": "oGt74kVtlIooh2KiBf9GGi9dUYz/xWkStxd/oawS0mxqSNm/eiNcwFNU3odUDxKfKjF9+zPJxDzkEE0rILus8w==",
        "dependencies": {
          "Microsoft.Kiota.Abstractions": "1.14.0"
        }
      },
      "Microsoft.Kiota.Serialization.Multipart": {
        "type": "Transitive",
        "resolved": "1.14.0",
        "contentHash": "gzciQfs3v4h0TZcmeXjaIf+j+MGw+frXuXvGkrWP4BlJOv4NmVT614rmvfEWAUfDnVwfn3FP1ghEodHb1RI7vw==",
        "dependencies": {
          "Microsoft.Kiota.Abstractions": "1.14.0"
        }
      },
      "Microsoft.Kiota.Serialization.Text": {
        "type": "Transitive",
        "resolved": "1.14.0",
        "contentHash": "Q7AMnooas6aG55mBENwU2Wz9Ey1fwN3DfrzNlR2iUolalMftLtXGZeNY7gSYEBtCOo65OEhmSszrOlxNkFD92w==",
        "dependencies": {
          "Microsoft.Kiota.Abstractions": "1.14.0"
        }
      },
      "Riok.Mapperly": {
        "type": "Transitive",
        "resolved": "3.6.0",
        "contentHash": "eQkT3evicd5fdb8HgAJjJ+uvbhfA76ozZZsBtounFrOvk0mj+9tozv1hCYV0f0cTmXIZsxtU93FMWPzd76wSaw=="
      },
      "SQLitePCLRaw.bundle_e_sqlite3": {
        "type": "Transitive",
        "resolved": "2.1.6",
        "contentHash": "BmAf6XWt4TqtowmiWe4/5rRot6GerAeklmOPfviOvwLoF5WwgxcJHAxZtySuyW9r9w+HLILnm8VfJFLCUJYW8A==",
        "dependencies": {
          "SQLitePCLRaw.lib.e_sqlite3": "2.1.6",
          "SQLitePCLRaw.provider.e_sqlite3": "2.1.6"
        }
      },
      "SQLitePCLRaw.core": {
        "type": "Transitive",
        "resolved": "2.1.6",
        "contentHash": "wO6v9GeMx9CUngAet8hbO7xdm+M42p1XeJq47ogyRoYSvNSp0NGLI+MgC0bhrMk9C17MTVFlLiN6ylyExLCc5w==",
        "dependencies": {
          "System.Memory": "4.5.3"
        }
      },
      "SQLitePCLRaw.lib.e_sqlite3": {
        "type": "Transitive",
        "resolved": "2.1.6",
        "contentHash": "2ObJJLkIUIxRpOUlZNGuD4rICpBnrBR5anjyfUFQep4hMOIeqW+XGQYzrNmHSVz5xSWZ3klSbh7sFR6UyDj68Q=="
      },
      "SQLitePCLRaw.provider.e_sqlite3": {
        "type": "Transitive",
        "resolved": "2.1.6",
        "contentHash": "PQ2Oq3yepLY4P7ll145P3xtx2bX8xF4PzaKPRpw9jZlKvfe4LE/saAV82inND9usn1XRpmxXk7Lal3MTI+6CNg==",
        "dependencies": {
          "SQLitePCLRaw.core": "2.1.6"
        }
      },
      "Std.UriTemplate": {
        "type": "Transitive",
        "resolved": "2.0.0",
        "contentHash": "GNBep1IBAGlVG3TUs1ZZ+1H9jgsw1ojBF6u34o8hpZC/YSTJCzCu4uYGU76a8SvhC8Q8baGqnmwJjHdxsVSUyg=="
      },
      "SvRooij.ContentPrep": {
        "type": "Transitive",
        "resolved": "0.2.2",
        "contentHash": "U76+iUs+6ITR/kXNW5ylZj87yQ4UPmqUOConek8Tus16/lfwLNbItGPed8P/wbj/+517FU0pGyFUQiedY4mSfA==",
        "dependencies": {
          "Microsoft.Extensions.Logging.Abstractions": "8.0.0"
        }
      },
      "System.ClientModel": {
        "type": "Transitive",
        "resolved": "1.1.0",
        "contentHash": "UocOlCkxLZrG2CKMAAImPcldJTxeesHnHGHwhJ0pNlZEvEXcWKuQvVOER2/NiOkJGRJk978SNdw3j6/7O9H1lg==",
        "dependencies": {
          "System.Memory.Data": "1.0.2",
          "System.Text.Json": "6.0.9"
        }
      },
      "System.CommandLine.NamingConventionBinder": {
        "type": "Transitive",
        "resolved": "2.0.0-beta4.22272.1",
        "contentHash": "ux2eUA/syF+JtlpMDc/Lsd6PBIBuwjH3AvHnestoh5uD0WKT5b+wkQxDWVCqp9qgVjMBTLNhX19ZYFtenunt9A==",
        "dependencies": {
          "System.CommandLine": "2.0.0-beta4.22272.1"
        }
      },
      "System.Diagnostics.DiagnosticSource": {
        "type": "Transitive",
        "resolved": "6.0.1",
        "contentHash": "KiLYDu2k2J82Q9BJpWiuQqCkFjRBWVq4jDzKKWawVi9KWzyD0XG3cmfX0vqTQlL14Wi9EufJrbL0+KCLTbqWiQ==",
        "dependencies": {
          "System.Runtime.CompilerServices.Unsafe": "6.0.0"
        }
      },
      "System.Diagnostics.EventLog": {
        "type": "Transitive",
        "resolved": "6.0.0",
        "contentHash": "lcyUiXTsETK2ALsZrX+nWuHSIQeazhqPphLfaRxzdGaG93+0kELqpgEHtwWOlQe7+jSFnKwaCAgL4kjeZCQJnw=="
      },
      "System.IdentityModel.Tokens.Jwt": {
        "type": "Transitive",
        "resolved": "8.0.2",
        "contentHash": "jbfANr2qEmrfEtK3L7tOnkCW5/y2YiF6ISSRhRBgIZL+W2ZbEVHFNTNV8QOKeNU6gedQnhpdU2IvB0YB3nNMjw==",
        "dependencies": {
          "Microsoft.IdentityModel.JsonWebTokens": "8.0.2",
          "Microsoft.IdentityModel.Tokens": "8.0.2"
        }
      },
      "System.Memory": {
        "type": "Transitive",
        "resolved": "4.5.5",
        "contentHash": "XIWiDvKPXaTveaB7HVganDlOCRoj03l+jrwNvcge/t8vhGYKvqV+dMv6G4SAX2NoNmN0wZfVPTAlFwZcZvVOUw=="
      },
      "System.Memory.Data": {
        "type": "Transitive",
        "resolved": "6.0.0",
        "contentHash": "ntFHArH3I4Lpjf5m4DCXQHJuGwWPNVJPaAvM95Jy/u+2Yzt2ryiyIN04LAogkjP9DeRcEOiviAjQotfmPq/FrQ==",
        "dependencies": {
          "System.Text.Json": "6.0.0"
        }
      },
      "System.Numerics.Vectors": {
        "type": "Transitive",
        "resolved": "4.5.0",
        "contentHash": "QQTlPTl06J/iiDbJCiepZ4H//BVraReU4O4EoRw1U02H5TLUIT7xn3GnDp9AXPSlJUDyFs4uWjWafNX6WrAojQ=="
      },
      "System.Runtime.CompilerServices.Unsafe": {
        "type": "Transitive",
        "resolved": "6.0.0",
        "contentHash": "/iUeP3tq1S0XdNNoMz5C9twLSrM/TH+qElHkXWaPvuNOt+99G75NrV0OS2EqHx5wMN7popYjpc8oTjC1y16DLg=="
      },
      "System.Security.Cryptography.ProtectedData": {
        "type": "Transitive",
        "resolved": "4.5.0",
        "contentHash": "wLBKzFnDCxP12VL9ANydSYhk59fC4cvOr9ypYQLPnAj48NQIhqnjdD2yhP8yEKyBJEjERWS9DisKL7rX5eU25Q=="
      },
      "System.Text.Encodings.Web": {
        "type": "Transitive",
        "resolved": "8.0.0",
        "contentHash": "yev/k9GHAEGx2Rg3/tU6MQh4HGBXJs70y7j1LaM1i/ER9po+6nnQ6RRqTJn1E7Xu0fbIFK80Nh5EoODxrbxwBQ=="
      },
      "System.Text.Json": {
        "type": "Transitive",
        "resolved": "8.0.5",
        "contentHash": "0f1B50Ss7rqxXiaBJyzUu9bWFOO2/zSlifZ/UNMdiIpDYe4cY4LQQicP4nirK1OS31I43rn062UIJ1Q9bpmHpg=="
      },
      "System.Threading.Tasks.Extensions": {
        "type": "Transitive",
        "resolved": "4.5.4",
        "contentHash": "zteT+G8xuGu6mS+mzDzYXbzS7rd3K6Fjb9RiZlYlJPam2/hU7JCBZBVEcywNuR+oZ1ncTvc/cq0faRr3P01OVg=="
      },
      "YamlDotNet": {
        "type": "Transitive",
        "resolved": "16.0.0",
        "contentHash": "kZ4jR5ltFhnjaUqK9x81zXRIUTH4PTXTTEmJDNQdkDLQhcv+2Nl19r0dCSvPW1mstOYBfXTnjdieRbUO6gHMDw=="
      },
      "winget.communityrepository": {
        "type": "Project",
        "dependencies": {
          "Microsoft.Extensions.Logging.Abstractions": "[8.0.2, )",
          "YamlDotNet": "[16.0.0, )"
        }
      },
      "winget.communityrepository.ef": {
        "type": "Project",
        "dependencies": {
          "Microsoft.EntityFrameworkCore.Sqlite": "[8.0.4, )",
          "Microsoft.EntityFrameworkCore.Sqlite.Core": "[8.0.4, )",
          "Microsoft.Extensions.Caching.Memory": "[8.0.1, )",
          "Microsoft.Extensions.Logging.Abstractions": "[8.0.2, )",
          "System.Text.Json": "[8.0.5, )",
          "Winget.CommunityRepository": "[1.0.0, )"
        }
      },
      "wingetintune": {
        "type": "Project",
        "dependencies": {
          "Azure.Core": "[1.44.1, )",
          "Microsoft.Bcl.AsyncInterfaces": "[8.0.0, )",
          "Microsoft.CSharp": "[4.7.0, )",
          "Microsoft.Extensions.Http": "[8.0.1, )",
          "Microsoft.Extensions.Logging.Abstractions": "[8.0.2, )",
          "Microsoft.Extensions.Options": "[8.0.2, )",
          "Microsoft.Graph.Beta": "[5.78.0-preview, )",
          "Microsoft.Graph.Core": "[3.2.0, )",
          "Microsoft.Identity.Client.Broker": "[4.66.2, )",
          "Microsoft.Identity.Client.Extensions.Msal": "[4.66.2, )",
          "Riok.Mapperly": "[3.6.0, )",
          "SvRooij.ContentPrep": "[0.2.2, )",
          "System.IdentityModel.Tokens.Jwt": "[8.0.2, )",
          "WinTuner.Proxy.Client": "[1.0.0, )",
          "Winget.CommunityRepository": "[1.0.0, )"
        }
      },
      "wintuner.proxy.client": {
        "type": "Project",
        "dependencies": {
          "Microsoft.Extensions.Http": "[8.0.1, )",
          "Microsoft.Kiota.Abstractions": "[1.14.0, )",
          "Microsoft.Kiota.Http.HttpClientLibrary": "[1.14.0, )",
          "Microsoft.Kiota.Serialization.Json": "[1.14.0, )",
          "System.Text.Json": "[8.0.5, )"
        }
      }
    }
  }
}